// !$*UTF8*$!
{
	archiveVersion = 1;
	classes = {
	};
	objectVersion = 56;
	objects = {

/* Begin PBXBuildFile section */
		5B19B1802AB13E5900319B59 /* MessageManager.swift in Sources */ = {isa = PBXBuildFile; fileRef = 5B19B17F2AB13E5900319B59 /* MessageManager.swift */; };
		5B1BB6982AA7ED85001C68A3 /* Intents.framework in Frameworks */ = {isa = PBXBuildFile; fileRef = 5B1BB64E2AA7EA7F001C68A3 /* Intents.framework */; };
		5B1BB69B2AA7ED85001C68A3 /* IntentHandler.swift in Sources */ = {isa = PBXBuildFile; fileRef = 5B1BB69A2AA7ED85001C68A3 /* IntentHandler.swift */; };
		5B1BB6A22AA7ED86001C68A3 /* IntentsUI.framework in Frameworks */ = {isa = PBXBuildFile; fileRef = 5B1BB6592AA7EA80001C68A3 /* IntentsUI.framework */; };
		5B1BB6A52AA7ED86001C68A3 /* IntentViewController.swift in Sources */ = {isa = PBXBuildFile; fileRef = 5B1BB6A42AA7ED86001C68A3 /* IntentViewController.swift */; };
		5B1BB6A82AA7ED86001C68A3 /* MainInterface.storyboard in Resources */ = {isa = PBXBuildFile; fileRef = 5B1BB6A62AA7ED86001C68A3 /* MainInterface.storyboard */; };
		5B1BB6AC2AA7ED86001C68A3 /* SoundTheAlarmIntentUI.appex in Embed Foundation Extensions */ = {isa = PBXBuildFile; fileRef = 5B1BB6A12AA7ED86001C68A3 /* SoundTheAlarmIntentUI.appex */; settings = {ATTRIBUTES = (RemoveHeadersOnCopy, ); }; };
		5B1BB6AF2AA7ED86001C68A3 /* SoundTheAlarmIntent.appex in Embed Foundation Extensions */ = {isa = PBXBuildFile; fileRef = 5B1BB6972AA7ED85001C68A3 /* SoundTheAlarmIntent.appex */; settings = {ATTRIBUTES = (RemoveHeadersOnCopy, ); }; };
		5B1BB6B72AA7EDC8001C68A3 /* Intents.intentdefinition in Sources */ = {isa = PBXBuildFile; fileRef = 5B1BB6B62AA7EDC8001C68A3 /* Intents.intentdefinition */; settings = {ATTRIBUTES = (project_codegen, ); }; };
		5B1BB6B82AA7F032001C68A3 /* Intents.intentdefinition in Sources */ = {isa = PBXBuildFile; fileRef = 5B1BB6B62AA7EDC8001C68A3 /* Intents.intentdefinition */; settings = {ATTRIBUTES = (project_codegen, ); }; };
		5B1BB6BA2AA7F15C001C68A3 /* IntentHandler.swift in Sources */ = {isa = PBXBuildFile; fileRef = 5B1BB69A2AA7ED85001C68A3 /* IntentHandler.swift */; };
		5B212DB72AC87060009A3D53 /* BackgroundGradient.swift in Sources */ = {isa = PBXBuildFile; fileRef = 5B212DB62AC87060009A3D53 /* BackgroundGradient.swift */; };
		5B4921AB2ACDD6F700C005A5 /* AppIntentVocabulary.plist in Resources */ = {isa = PBXBuildFile; fileRef = 5B4921AA2ACDD6F700C005A5 /* AppIntentVocabulary.plist */; };
		5BB4047D2ACB459000C2468F /* MessageManager.swift in Sources */ = {isa = PBXBuildFile; fileRef = 5B19B17F2AB13E5900319B59 /* MessageManager.swift */; };
		5BF7532B2AA1036600FF7A53 /* SugarPoliceApp.swift in Sources */ = {isa = PBXBuildFile; fileRef = 5BF7532A2AA1036600FF7A53 /* SugarPoliceApp.swift */; };
		5BF7532D2AA1036600FF7A53 /* SirenView.swift in Sources */ = {isa = PBXBuildFile; fileRef = 5BF7532C2AA1036600FF7A53 /* SirenView.swift */; };
		5BF7532F2AA1036700FF7A53 /* Assets.xcassets in Resources */ = {isa = PBXBuildFile; fileRef = 5BF7532E2AA1036700FF7A53 /* Assets.xcassets */; };
		5BF753332AA1036700FF7A53 /* Preview Assets.xcassets in Resources */ = {isa = PBXBuildFile; fileRef = 5BF753322AA1036700FF7A53 /* Preview Assets.xcassets */; };
		5BF7533D2AA1036700FF7A53 /* SugarPoliceTests.swift in Sources */ = {isa = PBXBuildFile; fileRef = 5BF7533C2AA1036700FF7A53 /* SugarPoliceTests.swift */; };
		5BF753472AA1036700FF7A53 /* SugarPoliceUITests.swift in Sources */ = {isa = PBXBuildFile; fileRef = 5BF753462AA1036700FF7A53 /* SugarPoliceUITests.swift */; };
		5BF753492AA1036700FF7A53 /* SugarPoliceUITestsLaunchTests.swift in Sources */ = {isa = PBXBuildFile; fileRef = 5BF753482AA1036700FF7A53 /* SugarPoliceUITestsLaunchTests.swift */; };
		5BF753562AA1082F00FF7A53 /* AudioPlayer.swift in Sources */ = {isa = PBXBuildFile; fileRef = 5BF753552AA1082F00FF7A53 /* AudioPlayer.swift */; };
		5BF7535A2AA108AA00FF7A53 /* siren.mp3 in Resources */ = {isa = PBXBuildFile; fileRef = 5BF753592AA108AA00FF7A53 /* siren.mp3 */; };
		5BF753622AA10BC900FF7A53 /* WidgetKit.framework in Frameworks */ = {isa = PBXBuildFile; fileRef = 5BF753612AA10BC900FF7A53 /* WidgetKit.framework */; };
		5BF753642AA10BC900FF7A53 /* SwiftUI.framework in Frameworks */ = {isa = PBXBuildFile; fileRef = 5BF753632AA10BC900FF7A53 /* SwiftUI.framework */; };
		5BF753672AA10BCA00FF7A53 /* SirenWIdgetBundle.swift in Sources */ = {isa = PBXBuildFile; fileRef = 5BF753662AA10BCA00FF7A53 /* SirenWIdgetBundle.swift */; };
		5BF753692AA10BCA00FF7A53 /* SirenWIdget.swift in Sources */ = {isa = PBXBuildFile; fileRef = 5BF753682AA10BCA00FF7A53 /* SirenWIdget.swift */; };
		5BF7536C2AA10BCB00FF7A53 /* Assets.xcassets in Resources */ = {isa = PBXBuildFile; fileRef = 5BF7536B2AA10BCB00FF7A53 /* Assets.xcassets */; };
		5BF753722AA10BCB00FF7A53 /* SirenWIdgetExtension.appex in Embed Foundation Extensions */ = {isa = PBXBuildFile; fileRef = 5BF7535F2AA10BC900FF7A53 /* SirenWIdgetExtension.appex */; settings = {ATTRIBUTES = (RemoveHeadersOnCopy, ); }; };
		5BF753782AA270B400FF7A53 /* SetupView.swift in Sources */ = {isa = PBXBuildFile; fileRef = 5BF753772AA270B400FF7A53 /* SetupView.swift */; };
		5BF7537A2AA3B94C00FF7A53 /* SirenWIdget.intentdefinition in Sources */ = {isa = PBXBuildFile; fileRef = 5BF7537D2AA3B94C00FF7A53 /* SirenWIdget.intentdefinition */; };
		5BF7537B2AA3B94C00FF7A53 /* SirenWIdget.intentdefinition in Sources */ = {isa = PBXBuildFile; fileRef = 5BF7537D2AA3B94C00FF7A53 /* SirenWIdget.intentdefinition */; };
/* End PBXBuildFile section */

/* Begin PBXContainerItemProxy section */
		5B1BB6AA2AA7ED86001C68A3 /* PBXContainerItemProxy */ = {
			isa = PBXContainerItemProxy;
			containerPortal = 5BF7531F2AA1036600FF7A53 /* Project object */;
			proxyType = 1;
			remoteGlobalIDString = 5B1BB6A02AA7ED86001C68A3;
			remoteInfo = SoundTheAlarmIntentUI;
		};
		5B1BB6AD2AA7ED86001C68A3 /* PBXContainerItemProxy */ = {
			isa = PBXContainerItemProxy;
			containerPortal = 5BF7531F2AA1036600FF7A53 /* Project object */;
			proxyType = 1;
			remoteGlobalIDString = 5B1BB6962AA7ED85001C68A3;
			remoteInfo = SoundTheAlarmIntent;
		};
		5BF753392AA1036700FF7A53 /* PBXContainerItemProxy */ = {
			isa = PBXContainerItemProxy;
			containerPortal = 5BF7531F2AA1036600FF7A53 /* Project object */;
			proxyType = 1;
			remoteGlobalIDString = 5BF753262AA1036600FF7A53;
			remoteInfo = SugarPolice;
		};
		5BF753432AA1036700FF7A53 /* PBXContainerItemProxy */ = {
			isa = PBXContainerItemProxy;
			containerPortal = 5BF7531F2AA1036600FF7A53 /* Project object */;
			proxyType = 1;
			remoteGlobalIDString = 5BF753262AA1036600FF7A53;
			remoteInfo = SugarPolice;
		};
		5BF753702AA10BCB00FF7A53 /* PBXContainerItemProxy */ = {
			isa = PBXContainerItemProxy;
			containerPortal = 5BF7531F2AA1036600FF7A53 /* Project object */;
			proxyType = 1;
			remoteGlobalIDString = 5BF7535E2AA10BC900FF7A53;
			remoteInfo = SirenWIdgetExtension;
		};
/* End PBXContainerItemProxy section */

/* Begin PBXCopyFilesBuildPhase section */
		5BF753762AA10BCB00FF7A53 /* Embed Foundation Extensions */ = {
			isa = PBXCopyFilesBuildPhase;
			buildActionMask = 2147483647;
			dstPath = "";
			dstSubfolderSpec = 13;
			files = (
				5B1BB6AF2AA7ED86001C68A3 /* SoundTheAlarmIntent.appex in Embed Foundation Extensions */,
				5B1BB6AC2AA7ED86001C68A3 /* SoundTheAlarmIntentUI.appex in Embed Foundation Extensions */,
				5BF753722AA10BCB00FF7A53 /* SirenWIdgetExtension.appex in Embed Foundation Extensions */,
			);
			name = "Embed Foundation Extensions";
			runOnlyForDeploymentPostprocessing = 0;
		};
/* End PBXCopyFilesBuildPhase section */

/* Begin PBXFileReference section */
		5B19B17F2AB13E5900319B59 /* MessageManager.swift */ = {isa = PBXFileReference; lastKnownFileType = sourcecode.swift; path = MessageManager.swift; sourceTree = "<group>"; };
		5B1BB64E2AA7EA7F001C68A3 /* Intents.framework */ = {isa = PBXFileReference; lastKnownFileType = wrapper.framework; name = Intents.framework; path = System/Library/Frameworks/Intents.framework; sourceTree = SDKROOT; };
		5B1BB6592AA7EA80001C68A3 /* IntentsUI.framework */ = {isa = PBXFileReference; lastKnownFileType = wrapper.framework; name = IntentsUI.framework; path = System/Library/Frameworks/IntentsUI.framework; sourceTree = SDKROOT; };
		5B1BB6972AA7ED85001C68A3 /* SoundTheAlarmIntent.appex */ = {isa = PBXFileReference; explicitFileType = "wrapper.app-extension"; includeInIndex = 0; path = SoundTheAlarmIntent.appex; sourceTree = BUILT_PRODUCTS_DIR; };
		5B1BB69A2AA7ED85001C68A3 /* IntentHandler.swift */ = {isa = PBXFileReference; lastKnownFileType = sourcecode.swift; path = IntentHandler.swift; sourceTree = "<group>"; };
		5B1BB69C2AA7ED85001C68A3 /* Info.plist */ = {isa = PBXFileReference; lastKnownFileType = text.plist.xml; path = Info.plist; sourceTree = "<group>"; };
		5B1BB6A12AA7ED86001C68A3 /* SoundTheAlarmIntentUI.appex */ = {isa = PBXFileReference; explicitFileType = "wrapper.app-extension"; includeInIndex = 0; path = SoundTheAlarmIntentUI.appex; sourceTree = BUILT_PRODUCTS_DIR; };
		5B1BB6A42AA7ED86001C68A3 /* IntentViewController.swift */ = {isa = PBXFileReference; lastKnownFileType = sourcecode.swift; path = IntentViewController.swift; sourceTree = "<group>"; };
		5B1BB6A72AA7ED86001C68A3 /* Base */ = {isa = PBXFileReference; lastKnownFileType = file.storyboard; name = Base; path = Base.lproj/MainInterface.storyboard; sourceTree = "<group>"; };
		5B1BB6A92AA7ED86001C68A3 /* Info.plist */ = {isa = PBXFileReference; lastKnownFileType = text.plist.xml; path = Info.plist; sourceTree = "<group>"; };
		5B1BB6B62AA7EDC8001C68A3 /* Intents.intentdefinition */ = {isa = PBXFileReference; lastKnownFileType = file.intentdefinition; path = Intents.intentdefinition; sourceTree = "<group>"; };
		5B1BB6C02AA818F2001C68A3 /* SoundTheAlarmIntent.entitlements */ = {isa = PBXFileReference; lastKnownFileType = text.plist.entitlements; path = SoundTheAlarmIntent.entitlements; sourceTree = "<group>"; };
		5B212DB62AC87060009A3D53 /* BackgroundGradient.swift */ = {isa = PBXFileReference; lastKnownFileType = sourcecode.swift; path = BackgroundGradient.swift; sourceTree = "<group>"; };
		5B4921AA2ACDD6F700C005A5 /* AppIntentVocabulary.plist */ = {isa = PBXFileReference; lastKnownFileType = text.plist.xml; path = AppIntentVocabulary.plist; sourceTree = "<group>"; };
		5BF753272AA1036600FF7A53 /* SugarPolice.app */ = {isa = PBXFileReference; explicitFileType = wrapper.application; includeInIndex = 0; path = SugarPolice.app; sourceTree = BUILT_PRODUCTS_DIR; };
		5BF7532A2AA1036600FF7A53 /* SugarPoliceApp.swift */ = {isa = PBXFileReference; lastKnownFileType = sourcecode.swift; path = SugarPoliceApp.swift; sourceTree = "<group>"; };
		5BF7532C2AA1036600FF7A53 /* SirenView.swift */ = {isa = PBXFileReference; lastKnownFileType = sourcecode.swift; path = SirenView.swift; sourceTree = "<group>"; };
		5BF7532E2AA1036700FF7A53 /* Assets.xcassets */ = {isa = PBXFileReference; lastKnownFileType = folder.assetcatalog; path = Assets.xcassets; sourceTree = "<group>"; };
		5BF753302AA1036700FF7A53 /* SugarPolice.entitlements */ = {isa = PBXFileReference; lastKnownFileType = text.plist.entitlements; path = SugarPolice.entitlements; sourceTree = "<group>"; };
		5BF753322AA1036700FF7A53 /* Preview Assets.xcassets */ = {isa = PBXFileReference; lastKnownFileType = folder.assetcatalog; path = "Preview Assets.xcassets"; sourceTree = "<group>"; };
		5BF753382AA1036700FF7A53 /* SugarPoliceTests.xctest */ = {isa = PBXFileReference; explicitFileType = wrapper.cfbundle; includeInIndex = 0; path = SugarPoliceTests.xctest; sourceTree = BUILT_PRODUCTS_DIR; };
		5BF7533C2AA1036700FF7A53 /* SugarPoliceTests.swift */ = {isa = PBXFileReference; lastKnownFileType = sourcecode.swift; path = SugarPoliceTests.swift; sourceTree = "<group>"; };
		5BF753422AA1036700FF7A53 /* SugarPoliceUITests.xctest */ = {isa = PBXFileReference; explicitFileType = wrapper.cfbundle; includeInIndex = 0; path = SugarPoliceUITests.xctest; sourceTree = BUILT_PRODUCTS_DIR; };
		5BF753462AA1036700FF7A53 /* SugarPoliceUITests.swift */ = {isa = PBXFileReference; lastKnownFileType = sourcecode.swift; path = SugarPoliceUITests.swift; sourceTree = "<group>"; };
		5BF753482AA1036700FF7A53 /* SugarPoliceUITestsLaunchTests.swift */ = {isa = PBXFileReference; lastKnownFileType = sourcecode.swift; path = SugarPoliceUITestsLaunchTests.swift; sourceTree = "<group>"; };
		5BF753552AA1082F00FF7A53 /* AudioPlayer.swift */ = {isa = PBXFileReference; lastKnownFileType = sourcecode.swift; path = AudioPlayer.swift; sourceTree = "<group>"; };
		5BF753592AA108AA00FF7A53 /* siren.mp3 */ = {isa = PBXFileReference; lastKnownFileType = audio.mp3; path = siren.mp3; sourceTree = "<group>"; };
		5BF7535F2AA10BC900FF7A53 /* SirenWIdgetExtension.appex */ = {isa = PBXFileReference; explicitFileType = "wrapper.app-extension"; includeInIndex = 0; path = SirenWIdgetExtension.appex; sourceTree = BUILT_PRODUCTS_DIR; };
		5BF753612AA10BC900FF7A53 /* WidgetKit.framework */ = {isa = PBXFileReference; lastKnownFileType = wrapper.framework; name = WidgetKit.framework; path = System/Library/Frameworks/WidgetKit.framework; sourceTree = SDKROOT; };
		5BF753632AA10BC900FF7A53 /* SwiftUI.framework */ = {isa = PBXFileReference; lastKnownFileType = wrapper.framework; name = SwiftUI.framework; path = System/Library/Frameworks/SwiftUI.framework; sourceTree = SDKROOT; };
		5BF753662AA10BCA00FF7A53 /* SirenWIdgetBundle.swift */ = {isa = PBXFileReference; lastKnownFileType = sourcecode.swift; path = SirenWIdgetBundle.swift; sourceTree = "<group>"; };
		5BF753682AA10BCA00FF7A53 /* SirenWIdget.swift */ = {isa = PBXFileReference; lastKnownFileType = sourcecode.swift; path = SirenWIdget.swift; sourceTree = "<group>"; };
		5BF7536B2AA10BCB00FF7A53 /* Assets.xcassets */ = {isa = PBXFileReference; lastKnownFileType = folder.assetcatalog; path = Assets.xcassets; sourceTree = "<group>"; };
		5BF7536D2AA10BCB00FF7A53 /* Info.plist */ = {isa = PBXFileReference; lastKnownFileType = text.plist.xml; path = Info.plist; sourceTree = "<group>"; };
		5BF753772AA270B400FF7A53 /* SetupView.swift */ = {isa = PBXFileReference; lastKnownFileType = sourcecode.swift; path = SetupView.swift; sourceTree = "<group>"; };
		5BF753792AA3B92E00FF7A53 /* Info.plist */ = {isa = PBXFileReference; lastKnownFileType = text.plist; path = Info.plist; sourceTree = "<group>"; };
		5BF7537E2AA3B94E00FF7A53 /* Base */ = {isa = PBXFileReference; lastKnownFileType = file.intentdefinition; name = Base; path = Base.lproj/SirenWIdget.intentdefinition; sourceTree = "<group>"; };
/* End PBXFileReference section */

/* Begin PBXFrameworksBuildPhase section */
		5B1BB6942AA7ED85001C68A3 /* Frameworks */ = {
			isa = PBXFrameworksBuildPhase;
			buildActionMask = 2147483647;
			files = (
				5B1BB6982AA7ED85001C68A3 /* Intents.framework in Frameworks */,
			);
			runOnlyForDeploymentPostprocessing = 0;
		};
		5B1BB69E2AA7ED86001C68A3 /* Frameworks */ = {
			isa = PBXFrameworksBuildPhase;
			buildActionMask = 2147483647;
			files = (
				5B1BB6A22AA7ED86001C68A3 /* IntentsUI.framework in Frameworks */,
			);
			runOnlyForDeploymentPostprocessing = 0;
		};
		5BF753242AA1036600FF7A53 /* Frameworks */ = {
			isa = PBXFrameworksBuildPhase;
			buildActionMask = 2147483647;
			files = (
			);
			runOnlyForDeploymentPostprocessing = 0;
		};
		5BF753352AA1036700FF7A53 /* Frameworks */ = {
			isa = PBXFrameworksBuildPhase;
			buildActionMask = 2147483647;
			files = (
			);
			runOnlyForDeploymentPostprocessing = 0;
		};
		5BF7533F2AA1036700FF7A53 /* Frameworks */ = {
			isa = PBXFrameworksBuildPhase;
			buildActionMask = 2147483647;
			files = (
			);
			runOnlyForDeploymentPostprocessing = 0;
		};
		5BF7535C2AA10BC900FF7A53 /* Frameworks */ = {
			isa = PBXFrameworksBuildPhase;
			buildActionMask = 2147483647;
			files = (
				5BF753642AA10BC900FF7A53 /* SwiftUI.framework in Frameworks */,
				5BF753622AA10BC900FF7A53 /* WidgetKit.framework in Frameworks */,
			);
			runOnlyForDeploymentPostprocessing = 0;
		};
/* End PBXFrameworksBuildPhase section */

/* Begin PBXGroup section */
		5B1BB6992AA7ED85001C68A3 /* SoundTheAlarmIntent */ = {
			isa = PBXGroup;
			children = (
				5B1BB6C02AA818F2001C68A3 /* SoundTheAlarmIntent.entitlements */,
				5B1BB69A2AA7ED85001C68A3 /* IntentHandler.swift */,
				5B1BB69C2AA7ED85001C68A3 /* Info.plist */,
			);
			path = SoundTheAlarmIntent;
			sourceTree = "<group>";
		};
		5B1BB6A32AA7ED86001C68A3 /* SoundTheAlarmIntentUI */ = {
			isa = PBXGroup;
			children = (
				5B1BB6A42AA7ED86001C68A3 /* IntentViewController.swift */,
				5B1BB6A62AA7ED86001C68A3 /* MainInterface.storyboard */,
				5B1BB6A92AA7ED86001C68A3 /* Info.plist */,
			);
			path = SoundTheAlarmIntentUI;
			sourceTree = "<group>";
		};
		5BF7531E2AA1036600FF7A53 = {
			isa = PBXGroup;
			children = (
				5BF753292AA1036600FF7A53 /* SugarPolice */,
				5BF7533B2AA1036700FF7A53 /* SugarPoliceTests */,
				5BF753452AA1036700FF7A53 /* SugarPoliceUITests */,
				5BF753652AA10BCA00FF7A53 /* SirenWIdget */,
				5B1BB6992AA7ED85001C68A3 /* SoundTheAlarmIntent */,
				5B1BB6A32AA7ED86001C68A3 /* SoundTheAlarmIntentUI */,
				5BF753602AA10BC900FF7A53 /* Frameworks */,
				5BF753282AA1036600FF7A53 /* Products */,
			);
			sourceTree = "<group>";
		};
		5BF753282AA1036600FF7A53 /* Products */ = {
			isa = PBXGroup;
			children = (
				5BF753272AA1036600FF7A53 /* SugarPolice.app */,
				5BF753382AA1036700FF7A53 /* SugarPoliceTests.xctest */,
				5BF753422AA1036700FF7A53 /* SugarPoliceUITests.xctest */,
				5BF7535F2AA10BC900FF7A53 /* SirenWIdgetExtension.appex */,
				5B1BB6972AA7ED85001C68A3 /* SoundTheAlarmIntent.appex */,
				5B1BB6A12AA7ED86001C68A3 /* SoundTheAlarmIntentUI.appex */,
			);
			name = Products;
			sourceTree = "<group>";
		};
		5BF753292AA1036600FF7A53 /* SugarPolice */ = {
			isa = PBXGroup;
			children = (
				5BF753792AA3B92E00FF7A53 /* Info.plist */,
				5B4921AA2ACDD6F700C005A5 /* AppIntentVocabulary.plist */,
				5BF7532A2AA1036600FF7A53 /* SugarPoliceApp.swift */,
				5BF7532C2AA1036600FF7A53 /* SirenView.swift */,
				5BF753772AA270B400FF7A53 /* SetupView.swift */,
				5B212DB62AC87060009A3D53 /* BackgroundGradient.swift */,
				5B19B17F2AB13E5900319B59 /* MessageManager.swift */,
				5BF753552AA1082F00FF7A53 /* AudioPlayer.swift */,
				5B1BB6B62AA7EDC8001C68A3 /* Intents.intentdefinition */,
				5BF753592AA108AA00FF7A53 /* siren.mp3 */,
				5BF7532E2AA1036700FF7A53 /* Assets.xcassets */,
				5BF753302AA1036700FF7A53 /* SugarPolice.entitlements */,
				5BF753312AA1036700FF7A53 /* Preview Content */,
			);
			path = SugarPolice;
			sourceTree = "<group>";
		};
		5BF753312AA1036700FF7A53 /* Preview Content */ = {
			isa = PBXGroup;
			children = (
				5BF753322AA1036700FF7A53 /* Preview Assets.xcassets */,
			);
			path = "Preview Content";
			sourceTree = "<group>";
		};
		5BF7533B2AA1036700FF7A53 /* SugarPoliceTests */ = {
			isa = PBXGroup;
			children = (
				5BF7533C2AA1036700FF7A53 /* SugarPoliceTests.swift */,
			);
			path = SugarPoliceTests;
			sourceTree = "<group>";
		};
		5BF753452AA1036700FF7A53 /* SugarPoliceUITests */ = {
			isa = PBXGroup;
			children = (
				5BF753462AA1036700FF7A53 /* SugarPoliceUITests.swift */,
				5BF753482AA1036700FF7A53 /* SugarPoliceUITestsLaunchTests.swift */,
			);
			path = SugarPoliceUITests;
			sourceTree = "<group>";
		};
		5BF753602AA10BC900FF7A53 /* Frameworks */ = {
			isa = PBXGroup;
			children = (
				5BF753612AA10BC900FF7A53 /* WidgetKit.framework */,
				5BF753632AA10BC900FF7A53 /* SwiftUI.framework */,
				5B1BB64E2AA7EA7F001C68A3 /* Intents.framework */,
				5B1BB6592AA7EA80001C68A3 /* IntentsUI.framework */,
			);
			name = Frameworks;
			sourceTree = "<group>";
		};
		5BF753652AA10BCA00FF7A53 /* SirenWIdget */ = {
			isa = PBXGroup;
			children = (
				5BF753662AA10BCA00FF7A53 /* SirenWIdgetBundle.swift */,
				5BF753682AA10BCA00FF7A53 /* SirenWIdget.swift */,
				5BF7537D2AA3B94C00FF7A53 /* SirenWIdget.intentdefinition */,
				5BF7536B2AA10BCB00FF7A53 /* Assets.xcassets */,
				5BF7536D2AA10BCB00FF7A53 /* Info.plist */,
			);
			path = SirenWIdget;
			sourceTree = "<group>";
		};
/* End PBXGroup section */

/* Begin PBXNativeTarget section */
		5B1BB6962AA7ED85001C68A3 /* SoundTheAlarmIntent */ = {
			isa = PBXNativeTarget;
			buildConfigurationList = 5B1BB6B32AA7ED86001C68A3 /* Build configuration list for PBXNativeTarget "SoundTheAlarmIntent" */;
			buildPhases = (
				5B1BB6932AA7ED85001C68A3 /* Sources */,
				5B1BB6942AA7ED85001C68A3 /* Frameworks */,
				5B1BB6952AA7ED85001C68A3 /* Resources */,
			);
			buildRules = (
			);
			dependencies = (
			);
			name = SoundTheAlarmIntent;
			productName = SoundTheAlarmIntent;
			productReference = 5B1BB6972AA7ED85001C68A3 /* SoundTheAlarmIntent.appex */;
			productType = "com.apple.product-type.app-extension";
		};
		5B1BB6A02AA7ED86001C68A3 /* SoundTheAlarmIntentUI */ = {
			isa = PBXNativeTarget;
			buildConfigurationList = 5B1BB6B02AA7ED86001C68A3 /* Build configuration list for PBXNativeTarget "SoundTheAlarmIntentUI" */;
			buildPhases = (
				5B1BB69D2AA7ED86001C68A3 /* Sources */,
				5B1BB69E2AA7ED86001C68A3 /* Frameworks */,
				5B1BB69F2AA7ED86001C68A3 /* Resources */,
			);
			buildRules = (
			);
			dependencies = (
			);
			name = SoundTheAlarmIntentUI;
			productName = SoundTheAlarmIntentUI;
			productReference = 5B1BB6A12AA7ED86001C68A3 /* SoundTheAlarmIntentUI.appex */;
			productType = "com.apple.product-type.app-extension";
		};
		5BF753262AA1036600FF7A53 /* SugarPolice */ = {
			isa = PBXNativeTarget;
			buildConfigurationList = 5BF7534C2AA1036700FF7A53 /* Build configuration list for PBXNativeTarget "SugarPolice" */;
			buildPhases = (
				5BF753232AA1036600FF7A53 /* Sources */,
				5BF753242AA1036600FF7A53 /* Frameworks */,
				5BF753252AA1036600FF7A53 /* Resources */,
				5BF753762AA10BCB00FF7A53 /* Embed Foundation Extensions */,
			);
			buildRules = (
			);
			dependencies = (
				5BF753712AA10BCB00FF7A53 /* PBXTargetDependency */,
				5B1BB6AB2AA7ED86001C68A3 /* PBXTargetDependency */,
				5B1BB6AE2AA7ED86001C68A3 /* PBXTargetDependency */,
			);
			name = SugarPolice;
			productName = SugarPolice;
			productReference = 5BF753272AA1036600FF7A53 /* SugarPolice.app */;
			productType = "com.apple.product-type.application";
		};
		5BF753372AA1036700FF7A53 /* SugarPoliceTests */ = {
			isa = PBXNativeTarget;
			buildConfigurationList = 5BF7534F2AA1036700FF7A53 /* Build configuration list for PBXNativeTarget "SugarPoliceTests" */;
			buildPhases = (
				5BF753342AA1036700FF7A53 /* Sources */,
				5BF753352AA1036700FF7A53 /* Frameworks */,
				5BF753362AA1036700FF7A53 /* Resources */,
			);
			buildRules = (
			);
			dependencies = (
				5BF7533A2AA1036700FF7A53 /* PBXTargetDependency */,
			);
			name = SugarPoliceTests;
			productName = SugarPoliceTests;
			productReference = 5BF753382AA1036700FF7A53 /* SugarPoliceTests.xctest */;
			productType = "com.apple.product-type.bundle.unit-test";
		};
		5BF753412AA1036700FF7A53 /* SugarPoliceUITests */ = {
			isa = PBXNativeTarget;
			buildConfigurationList = 5BF753522AA1036700FF7A53 /* Build configuration list for PBXNativeTarget "SugarPoliceUITests" */;
			buildPhases = (
				5BF7533E2AA1036700FF7A53 /* Sources */,
				5BF7533F2AA1036700FF7A53 /* Frameworks */,
				5BF753402AA1036700FF7A53 /* Resources */,
			);
			buildRules = (
			);
			dependencies = (
				5BF753442AA1036700FF7A53 /* PBXTargetDependency */,
			);
			name = SugarPoliceUITests;
			productName = SugarPoliceUITests;
			productReference = 5BF753422AA1036700FF7A53 /* SugarPoliceUITests.xctest */;
			productType = "com.apple.product-type.bundle.ui-testing";
		};
		5BF7535E2AA10BC900FF7A53 /* SirenWIdgetExtension */ = {
			isa = PBXNativeTarget;
			buildConfigurationList = 5BF753732AA10BCB00FF7A53 /* Build configuration list for PBXNativeTarget "SirenWIdgetExtension" */;
			buildPhases = (
				5BF7535B2AA10BC900FF7A53 /* Sources */,
				5BF7535C2AA10BC900FF7A53 /* Frameworks */,
				5BF7535D2AA10BC900FF7A53 /* Resources */,
			);
			buildRules = (
			);
			dependencies = (
			);
			name = SirenWIdgetExtension;
			productName = SirenWIdgetExtension;
			productReference = 5BF7535F2AA10BC900FF7A53 /* SirenWIdgetExtension.appex */;
			productType = "com.apple.product-type.app-extension";
		};
/* End PBXNativeTarget section */

/* Begin PBXProject section */
		5BF7531F2AA1036600FF7A53 /* Project object */ = {
			isa = PBXProject;
			attributes = {
				BuildIndependentTargetsInParallel = 1;
				LastSwiftUpdateCheck = 1430;
				LastUpgradeCheck = 1430;
				TargetAttributes = {
					5B1BB6962AA7ED85001C68A3 = {
						CreatedOnToolsVersion = 14.3.1;
					};
					5B1BB6A02AA7ED86001C68A3 = {
						CreatedOnToolsVersion = 14.3.1;
					};
					5BF753262AA1036600FF7A53 = {
						CreatedOnToolsVersion = 14.3.1;
					};
					5BF753372AA1036700FF7A53 = {
						CreatedOnToolsVersion = 14.3.1;
						TestTargetID = 5BF753262AA1036600FF7A53;
					};
					5BF753412AA1036700FF7A53 = {
						CreatedOnToolsVersion = 14.3.1;
						TestTargetID = 5BF753262AA1036600FF7A53;
					};
					5BF7535E2AA10BC900FF7A53 = {
						CreatedOnToolsVersion = 14.3.1;
					};
				};
			};
			buildConfigurationList = 5BF753222AA1036600FF7A53 /* Build configuration list for PBXProject "SugarPolice" */;
			compatibilityVersion = "Xcode 14.0";
			developmentRegion = en;
			hasScannedForEncodings = 0;
			knownRegions = (
				en,
				Base,
			);
			mainGroup = 5BF7531E2AA1036600FF7A53;
			productRefGroup = 5BF753282AA1036600FF7A53 /* Products */;
			projectDirPath = "";
			projectRoot = "";
			targets = (
				5BF753262AA1036600FF7A53 /* SugarPolice */,
				5BF753372AA1036700FF7A53 /* SugarPoliceTests */,
				5BF753412AA1036700FF7A53 /* SugarPoliceUITests */,
				5BF7535E2AA10BC900FF7A53 /* SirenWIdgetExtension */,
				5B1BB6962AA7ED85001C68A3 /* SoundTheAlarmIntent */,
				5B1BB6A02AA7ED86001C68A3 /* SoundTheAlarmIntentUI */,
			);
		};
/* End PBXProject section */

/* Begin PBXResourcesBuildPhase section */
		5B1BB6952AA7ED85001C68A3 /* Resources */ = {
			isa = PBXResourcesBuildPhase;
			buildActionMask = 2147483647;
			files = (
			);
			runOnlyForDeploymentPostprocessing = 0;
		};
		5B1BB69F2AA7ED86001C68A3 /* Resources */ = {
			isa = PBXResourcesBuildPhase;
			buildActionMask = 2147483647;
			files = (
				5B1BB6A82AA7ED86001C68A3 /* MainInterface.storyboard in Resources */,
			);
			runOnlyForDeploymentPostprocessing = 0;
		};
		5BF753252AA1036600FF7A53 /* Resources */ = {
			isa = PBXResourcesBuildPhase;
			buildActionMask = 2147483647;
			files = (
				5BF7535A2AA108AA00FF7A53 /* siren.mp3 in Resources */,
				5BF753332AA1036700FF7A53 /* Preview Assets.xcassets in Resources */,
				5B4921AB2ACDD6F700C005A5 /* AppIntentVocabulary.plist in Resources */,
				5BF7532F2AA1036700FF7A53 /* Assets.xcassets in Resources */,
			);
			runOnlyForDeploymentPostprocessing = 0;
		};
		5BF753362AA1036700FF7A53 /* Resources */ = {
			isa = PBXResourcesBuildPhase;
			buildActionMask = 2147483647;
			files = (
			);
			runOnlyForDeploymentPostprocessing = 0;
		};
		5BF753402AA1036700FF7A53 /* Resources */ = {
			isa = PBXResourcesBuildPhase;
			buildActionMask = 2147483647;
			files = (
			);
			runOnlyForDeploymentPostprocessing = 0;
		};
		5BF7535D2AA10BC900FF7A53 /* Resources */ = {
			isa = PBXResourcesBuildPhase;
			buildActionMask = 2147483647;
			files = (
				5BF7536C2AA10BCB00FF7A53 /* Assets.xcassets in Resources */,
			);
			runOnlyForDeploymentPostprocessing = 0;
		};
/* End PBXResourcesBuildPhase section */

/* Begin PBXSourcesBuildPhase section */
		5B1BB6932AA7ED85001C68A3 /* Sources */ = {
			isa = PBXSourcesBuildPhase;
			buildActionMask = 2147483647;
			files = (
				5BB4047D2ACB459000C2468F /* MessageManager.swift in Sources */,
				5B1BB6B82AA7F032001C68A3 /* Intents.intentdefinition in Sources */,
				5B1BB69B2AA7ED85001C68A3 /* IntentHandler.swift in Sources */,
			);
			runOnlyForDeploymentPostprocessing = 0;
		};
		5B1BB69D2AA7ED86001C68A3 /* Sources */ = {
			isa = PBXSourcesBuildPhase;
			buildActionMask = 2147483647;
			files = (
				5B1BB6A52AA7ED86001C68A3 /* IntentViewController.swift in Sources */,
			);
			runOnlyForDeploymentPostprocessing = 0;
		};
		5BF753232AA1036600FF7A53 /* Sources */ = {
			isa = PBXSourcesBuildPhase;
			buildActionMask = 2147483647;
			files = (
				5B1BB6B72AA7EDC8001C68A3 /* Intents.intentdefinition in Sources */,
				5BF7532D2AA1036600FF7A53 /* SirenView.swift in Sources */,
				5B212DB72AC87060009A3D53 /* BackgroundGradient.swift in Sources */,
				5BF7532B2AA1036600FF7A53 /* SugarPoliceApp.swift in Sources */,
				5BF7537A2AA3B94C00FF7A53 /* SirenWIdget.intentdefinition in Sources */,
				5B1BB6BA2AA7F15C001C68A3 /* IntentHandler.swift in Sources */,
				5BF753782AA270B400FF7A53 /* SetupView.swift in Sources */,
				5BF753562AA1082F00FF7A53 /* AudioPlayer.swift in Sources */,
				5B19B1802AB13E5900319B59 /* MessageManager.swift in Sources */,
			);
			runOnlyForDeploymentPostprocessing = 0;
		};
		5BF753342AA1036700FF7A53 /* Sources */ = {
			isa = PBXSourcesBuildPhase;
			buildActionMask = 2147483647;
			files = (
				5BF7533D2AA1036700FF7A53 /* SugarPoliceTests.swift in Sources */,
			);
			runOnlyForDeploymentPostprocessing = 0;
		};
		5BF7533E2AA1036700FF7A53 /* Sources */ = {
			isa = PBXSourcesBuildPhase;
			buildActionMask = 2147483647;
			files = (
				5BF753472AA1036700FF7A53 /* SugarPoliceUITests.swift in Sources */,
				5BF753492AA1036700FF7A53 /* SugarPoliceUITestsLaunchTests.swift in Sources */,
			);
			runOnlyForDeploymentPostprocessing = 0;
		};
		5BF7535B2AA10BC900FF7A53 /* Sources */ = {
			isa = PBXSourcesBuildPhase;
			buildActionMask = 2147483647;
			files = (
				5BF753672AA10BCA00FF7A53 /* SirenWIdgetBundle.swift in Sources */,
				5BF753692AA10BCA00FF7A53 /* SirenWIdget.swift in Sources */,
				5BF7537B2AA3B94C00FF7A53 /* SirenWIdget.intentdefinition in Sources */,
			);
			runOnlyForDeploymentPostprocessing = 0;
		};
/* End PBXSourcesBuildPhase section */

/* Begin PBXTargetDependency section */
		5B1BB6AB2AA7ED86001C68A3 /* PBXTargetDependency */ = {
			isa = PBXTargetDependency;
			target = 5B1BB6A02AA7ED86001C68A3 /* SoundTheAlarmIntentUI */;
			targetProxy = 5B1BB6AA2AA7ED86001C68A3 /* PBXContainerItemProxy */;
		};
		5B1BB6AE2AA7ED86001C68A3 /* PBXTargetDependency */ = {
			isa = PBXTargetDependency;
			target = 5B1BB6962AA7ED85001C68A3 /* SoundTheAlarmIntent */;
			targetProxy = 5B1BB6AD2AA7ED86001C68A3 /* PBXContainerItemProxy */;
		};
		5BF7533A2AA1036700FF7A53 /* PBXTargetDependency */ = {
			isa = PBXTargetDependency;
			target = 5BF753262AA1036600FF7A53 /* SugarPolice */;
			targetProxy = 5BF753392AA1036700FF7A53 /* PBXContainerItemProxy */;
		};
		5BF753442AA1036700FF7A53 /* PBXTargetDependency */ = {
			isa = PBXTargetDependency;
			target = 5BF753262AA1036600FF7A53 /* SugarPolice */;
			targetProxy = 5BF753432AA1036700FF7A53 /* PBXContainerItemProxy */;
		};
		5BF753712AA10BCB00FF7A53 /* PBXTargetDependency */ = {
			isa = PBXTargetDependency;
			target = 5BF7535E2AA10BC900FF7A53 /* SirenWIdgetExtension */;
			targetProxy = 5BF753702AA10BCB00FF7A53 /* PBXContainerItemProxy */;
		};
/* End PBXTargetDependency section */

/* Begin PBXVariantGroup section */
		5B1BB6A62AA7ED86001C68A3 /* MainInterface.storyboard */ = {
			isa = PBXVariantGroup;
			children = (
				5B1BB6A72AA7ED86001C68A3 /* Base */,
			);
			name = MainInterface.storyboard;
			sourceTree = "<group>";
		};
		5BF7537D2AA3B94C00FF7A53 /* SirenWIdget.intentdefinition */ = {
			isa = PBXVariantGroup;
			children = (
				5BF7537E2AA3B94E00FF7A53 /* Base */,
			);
			name = SirenWIdget.intentdefinition;
			sourceTree = "<group>";
		};
/* End PBXVariantGroup section */

/* Begin XCBuildConfiguration section */
		5B1BB6B12AA7ED86001C68A3 /* Debug */ = {
			isa = XCBuildConfiguration;
			buildSettings = {
				CODE_SIGN_STYLE = Automatic;
				CURRENT_PROJECT_VERSION = 1;
				DEVELOPMENT_TEAM = 2PF4YUG536;
				GENERATE_INFOPLIST_FILE = YES;
				INFOPLIST_FILE = SoundTheAlarmIntentUI/Info.plist;
				INFOPLIST_KEY_CFBundleDisplayName = SoundTheAlarmIntentUI;
				INFOPLIST_KEY_NSHumanReadableCopyright = "";
				IPHONEOS_DEPLOYMENT_TARGET = 16.4;
				LD_RUNPATH_SEARCH_PATHS = (
					"$(inherited)",
					"@executable_path/Frameworks",
					"@executable_path/../../Frameworks",
				);
				MARKETING_VERSION = 1.0;
				PRODUCT_BUNDLE_IDENTIFIER = com.academy.SugarPolice.SoundTheAlarmIntentUI;
				PRODUCT_NAME = "$(TARGET_NAME)";
				SDKROOT = iphoneos;
				SKIP_INSTALL = YES;
				SWIFT_EMIT_LOC_STRINGS = YES;
				SWIFT_VERSION = 5.0;
				TARGETED_DEVICE_FAMILY = "1,2";
			};
			name = Debug;
		};
		5B1BB6B22AA7ED86001C68A3 /* Release */ = {
			isa = XCBuildConfiguration;
			buildSettings = {
				CODE_SIGN_STYLE = Automatic;
				CURRENT_PROJECT_VERSION = 1;
				DEVELOPMENT_TEAM = 2PF4YUG536;
				GENERATE_INFOPLIST_FILE = YES;
				INFOPLIST_FILE = SoundTheAlarmIntentUI/Info.plist;
				INFOPLIST_KEY_CFBundleDisplayName = SoundTheAlarmIntentUI;
				INFOPLIST_KEY_NSHumanReadableCopyright = "";
				IPHONEOS_DEPLOYMENT_TARGET = 16.4;
				LD_RUNPATH_SEARCH_PATHS = (
					"$(inherited)",
					"@executable_path/Frameworks",
					"@executable_path/../../Frameworks",
				);
				MARKETING_VERSION = 1.0;
				PRODUCT_BUNDLE_IDENTIFIER = com.academy.SugarPolice.SoundTheAlarmIntentUI;
				PRODUCT_NAME = "$(TARGET_NAME)";
				SDKROOT = iphoneos;
				SKIP_INSTALL = YES;
				SWIFT_EMIT_LOC_STRINGS = YES;
				SWIFT_VERSION = 5.0;
				TARGETED_DEVICE_FAMILY = "1,2";
				VALIDATE_PRODUCT = YES;
			};
			name = Release;
		};
		5B1BB6B42AA7ED86001C68A3 /* Debug */ = {
			isa = XCBuildConfiguration;
			buildSettings = {
				CODE_SIGN_ENTITLEMENTS = SoundTheAlarmIntent/SoundTheAlarmIntent.entitlements;
				CODE_SIGN_STYLE = Automatic;
				CURRENT_PROJECT_VERSION = 1;
				DEVELOPMENT_TEAM = 2PF4YUG536;
				GENERATE_INFOPLIST_FILE = YES;
				INFOPLIST_FILE = SoundTheAlarmIntent/Info.plist;
				INFOPLIST_KEY_CFBundleDisplayName = SoundTheAlarmIntent;
				INFOPLIST_KEY_NSHumanReadableCopyright = "";
				IPHONEOS_DEPLOYMENT_TARGET = 16.4;
				LD_RUNPATH_SEARCH_PATHS = (
					"$(inherited)",
					"@executable_path/Frameworks",
					"@executable_path/../../Frameworks",
				);
				MARKETING_VERSION = 1.0;
				PRODUCT_BUNDLE_IDENTIFIER = com.academy.SugarPolice.SoundTheAlarmIntent;
				PRODUCT_NAME = "$(TARGET_NAME)";
				SDKROOT = iphoneos;
				SKIP_INSTALL = YES;
				SWIFT_EMIT_LOC_STRINGS = YES;
				SWIFT_VERSION = 5.0;
				TARGETED_DEVICE_FAMILY = "1,2";
			};
			name = Debug;
		};
		5B1BB6B52AA7ED86001C68A3 /* Release */ = {
			isa = XCBuildConfiguration;
			buildSettings = {
				CODE_SIGN_ENTITLEMENTS = SoundTheAlarmIntent/SoundTheAlarmIntent.entitlements;
				CODE_SIGN_STYLE = Automatic;
				CURRENT_PROJECT_VERSION = 1;
				DEVELOPMENT_TEAM = 2PF4YUG536;
				GENERATE_INFOPLIST_FILE = YES;
				INFOPLIST_FILE = SoundTheAlarmIntent/Info.plist;
				INFOPLIST_KEY_CFBundleDisplayName = SoundTheAlarmIntent;
				INFOPLIST_KEY_NSHumanReadableCopyright = "";
				IPHONEOS_DEPLOYMENT_TARGET = 16.4;
				LD_RUNPATH_SEARCH_PATHS = (
					"$(inherited)",
					"@executable_path/Frameworks",
					"@executable_path/../../Frameworks",
				);
				MARKETING_VERSION = 1.0;
				PRODUCT_BUNDLE_IDENTIFIER = com.academy.SugarPolice.SoundTheAlarmIntent;
				PRODUCT_NAME = "$(TARGET_NAME)";
				SDKROOT = iphoneos;
				SKIP_INSTALL = YES;
				SWIFT_EMIT_LOC_STRINGS = YES;
				SWIFT_VERSION = 5.0;
				TARGETED_DEVICE_FAMILY = "1,2";
				VALIDATE_PRODUCT = YES;
			};
			name = Release;
		};
		5BF7534A2AA1036700FF7A53 /* Debug */ = {
			isa = XCBuildConfiguration;
			buildSettings = {
				ALWAYS_SEARCH_USER_PATHS = NO;
				CLANG_ANALYZER_NONNULL = YES;
				CLANG_ANALYZER_NUMBER_OBJECT_CONVERSION = YES_AGGRESSIVE;
				CLANG_CXX_LANGUAGE_STANDARD = "gnu++20";
				CLANG_ENABLE_MODULES = YES;
				CLANG_ENABLE_OBJC_ARC = YES;
				CLANG_ENABLE_OBJC_WEAK = YES;
				CLANG_WARN_BLOCK_CAPTURE_AUTORELEASING = YES;
				CLANG_WARN_BOOL_CONVERSION = YES;
				CLANG_WARN_COMMA = YES;
				CLANG_WARN_CONSTANT_CONVERSION = YES;
				CLANG_WARN_DEPRECATED_OBJC_IMPLEMENTATIONS = YES;
				CLANG_WARN_DIRECT_OBJC_ISA_USAGE = YES_ERROR;
				CLANG_WARN_DOCUMENTATION_COMMENTS = YES;
				CLANG_WARN_EMPTY_BODY = YES;
				CLANG_WARN_ENUM_CONVERSION = YES;
				CLANG_WARN_INFINITE_RECURSION = YES;
				CLANG_WARN_INT_CONVERSION = YES;
				CLANG_WARN_NON_LITERAL_NULL_CONVERSION = YES;
				CLANG_WARN_OBJC_IMPLICIT_RETAIN_SELF = YES;
				CLANG_WARN_OBJC_LITERAL_CONVERSION = YES;
				CLANG_WARN_OBJC_ROOT_CLASS = YES_ERROR;
				CLANG_WARN_QUOTED_INCLUDE_IN_FRAMEWORK_HEADER = YES;
				CLANG_WARN_RANGE_LOOP_ANALYSIS = YES;
				CLANG_WARN_STRICT_PROTOTYPES = YES;
				CLANG_WARN_SUSPICIOUS_MOVE = YES;
				CLANG_WARN_UNGUARDED_AVAILABILITY = YES_AGGRESSIVE;
				CLANG_WARN_UNREACHABLE_CODE = YES;
				CLANG_WARN__DUPLICATE_METHOD_MATCH = YES;
				COPY_PHASE_STRIP = NO;
				DEBUG_INFORMATION_FORMAT = dwarf;
				ENABLE_STRICT_OBJC_MSGSEND = YES;
				ENABLE_TESTABILITY = YES;
				GCC_C_LANGUAGE_STANDARD = gnu11;
				GCC_DYNAMIC_NO_PIC = NO;
				GCC_NO_COMMON_BLOCKS = YES;
				GCC_OPTIMIZATION_LEVEL = 0;
				GCC_PREPROCESSOR_DEFINITIONS = (
					"DEBUG=1",
					"$(inherited)",
				);
				GCC_WARN_64_TO_32_BIT_CONVERSION = YES;
				GCC_WARN_ABOUT_RETURN_TYPE = YES_ERROR;
				GCC_WARN_UNDECLARED_SELECTOR = YES;
				GCC_WARN_UNINITIALIZED_AUTOS = YES_AGGRESSIVE;
				GCC_WARN_UNUSED_FUNCTION = YES;
				GCC_WARN_UNUSED_VARIABLE = YES;
				MTL_ENABLE_DEBUG_INFO = INCLUDE_SOURCE;
				MTL_FAST_MATH = YES;
				ONLY_ACTIVE_ARCH = YES;
				SWIFT_ACTIVE_COMPILATION_CONDITIONS = DEBUG;
				SWIFT_OPTIMIZATION_LEVEL = "-Onone";
			};
			name = Debug;
		};
		5BF7534B2AA1036700FF7A53 /* Release */ = {
			isa = XCBuildConfiguration;
			buildSettings = {
				ALWAYS_SEARCH_USER_PATHS = NO;
				CLANG_ANALYZER_NONNULL = YES;
				CLANG_ANALYZER_NUMBER_OBJECT_CONVERSION = YES_AGGRESSIVE;
				CLANG_CXX_LANGUAGE_STANDARD = "gnu++20";
				CLANG_ENABLE_MODULES = YES;
				CLANG_ENABLE_OBJC_ARC = YES;
				CLANG_ENABLE_OBJC_WEAK = YES;
				CLANG_WARN_BLOCK_CAPTURE_AUTORELEASING = YES;
				CLANG_WARN_BOOL_CONVERSION = YES;
				CLANG_WARN_COMMA = YES;
				CLANG_WARN_CONSTANT_CONVERSION = YES;
				CLANG_WARN_DEPRECATED_OBJC_IMPLEMENTATIONS = YES;
				CLANG_WARN_DIRECT_OBJC_ISA_USAGE = YES_ERROR;
				CLANG_WARN_DOCUMENTATION_COMMENTS = YES;
				CLANG_WARN_EMPTY_BODY = YES;
				CLANG_WARN_ENUM_CONVERSION = YES;
				CLANG_WARN_INFINITE_RECURSION = YES;
				CLANG_WARN_INT_CONVERSION = YES;
				CLANG_WARN_NON_LITERAL_NULL_CONVERSION = YES;
				CLANG_WARN_OBJC_IMPLICIT_RETAIN_SELF = YES;
				CLANG_WARN_OBJC_LITERAL_CONVERSION = YES;
				CLANG_WARN_OBJC_ROOT_CLASS = YES_ERROR;
				CLANG_WARN_QUOTED_INCLUDE_IN_FRAMEWORK_HEADER = YES;
				CLANG_WARN_RANGE_LOOP_ANALYSIS = YES;
				CLANG_WARN_STRICT_PROTOTYPES = YES;
				CLANG_WARN_SUSPICIOUS_MOVE = YES;
				CLANG_WARN_UNGUARDED_AVAILABILITY = YES_AGGRESSIVE;
				CLANG_WARN_UNREACHABLE_CODE = YES;
				CLANG_WARN__DUPLICATE_METHOD_MATCH = YES;
				COPY_PHASE_STRIP = NO;
				DEBUG_INFORMATION_FORMAT = "dwarf-with-dsym";
				ENABLE_NS_ASSERTIONS = NO;
				ENABLE_STRICT_OBJC_MSGSEND = YES;
				GCC_C_LANGUAGE_STANDARD = gnu11;
				GCC_NO_COMMON_BLOCKS = YES;
				GCC_WARN_64_TO_32_BIT_CONVERSION = YES;
				GCC_WARN_ABOUT_RETURN_TYPE = YES_ERROR;
				GCC_WARN_UNDECLARED_SELECTOR = YES;
				GCC_WARN_UNINITIALIZED_AUTOS = YES_AGGRESSIVE;
				GCC_WARN_UNUSED_FUNCTION = YES;
				GCC_WARN_UNUSED_VARIABLE = YES;
				MTL_ENABLE_DEBUG_INFO = NO;
				MTL_FAST_MATH = YES;
				SWIFT_COMPILATION_MODE = wholemodule;
				SWIFT_OPTIMIZATION_LEVEL = "-O";
			};
			name = Release;
		};
		5BF7534D2AA1036700FF7A53 /* Debug */ = {
			isa = XCBuildConfiguration;
			buildSettings = {
				ALWAYS_EMBED_SWIFT_STANDARD_LIBRARIES = YES;
				ASSETCATALOG_COMPILER_APPICON_NAME = AppIcon;
				ASSETCATALOG_COMPILER_GLOBAL_ACCENT_COLOR_NAME = AccentColor;
				CODE_SIGN_ENTITLEMENTS = SugarPolice/SugarPolice.entitlements;
				CODE_SIGN_STYLE = Automatic;
				CURRENT_PROJECT_VERSION = 4;
				DEVELOPMENT_ASSET_PATHS = "\"SugarPolice/Preview Content\"";
				DEVELOPMENT_TEAM = 2PF4YUG536;
				ENABLE_HARDENED_RUNTIME = YES;
				ENABLE_PREVIEWS = YES;
				GENERATE_INFOPLIST_FILE = YES;
				INFOPLIST_FILE = SugarPolice/Info.plist;
				INFOPLIST_KEY_CFBundleDisplayName = "Infraction Siren";
				"INFOPLIST_KEY_UIApplicationSceneManifest_Generation[sdk=iphoneos*]" = YES;
				"INFOPLIST_KEY_UIApplicationSceneManifest_Generation[sdk=iphonesimulator*]" = YES;
				"INFOPLIST_KEY_UIApplicationSupportsIndirectInputEvents[sdk=iphoneos*]" = YES;
				"INFOPLIST_KEY_UIApplicationSupportsIndirectInputEvents[sdk=iphonesimulator*]" = YES;
				"INFOPLIST_KEY_UILaunchScreen_Generation[sdk=iphoneos*]" = YES;
				"INFOPLIST_KEY_UILaunchScreen_Generation[sdk=iphonesimulator*]" = YES;
				"INFOPLIST_KEY_UIStatusBarStyle[sdk=iphoneos*]" = UIStatusBarStyleDefault;
				"INFOPLIST_KEY_UIStatusBarStyle[sdk=iphonesimulator*]" = UIStatusBarStyleDefault;
				INFOPLIST_KEY_UISupportedInterfaceOrientations = "UIInterfaceOrientationLandscapeLeft UIInterfaceOrientationLandscapeRight";
				INFOPLIST_KEY_UISupportedInterfaceOrientations_iPad = "UIInterfaceOrientationLandscapeLeft UIInterfaceOrientationLandscapeRight UIInterfaceOrientationPortrait UIInterfaceOrientationPortraitUpsideDown";
				IPHONEOS_DEPLOYMENT_TARGET = 16.4;
				LD_RUNPATH_SEARCH_PATHS = "@executable_path/Frameworks";
				"LD_RUNPATH_SEARCH_PATHS[sdk=macosx*]" = "@executable_path/../Frameworks";
				MACOSX_DEPLOYMENT_TARGET = 13.3;
				MARKETING_VERSION = 1.0;
				PRODUCT_BUNDLE_IDENTIFIER = com.academy.SugarPolice;
				PRODUCT_NAME = "$(TARGET_NAME)";
				SDKROOT = auto;
				SUPPORTED_PLATFORMS = "iphoneos iphonesimulator macosx";
				SWIFT_EMIT_LOC_STRINGS = YES;
				SWIFT_VERSION = 5.0;
				TARGETED_DEVICE_FAMILY = "1,2";
			};
			name = Debug;
		};
		5BF7534E2AA1036700FF7A53 /* Release */ = {
			isa = XCBuildConfiguration;
			buildSettings = {
				ALWAYS_EMBED_SWIFT_STANDARD_LIBRARIES = YES;
				ASSETCATALOG_COMPILER_APPICON_NAME = AppIcon;
				ASSETCATALOG_COMPILER_GLOBAL_ACCENT_COLOR_NAME = AccentColor;
				CODE_SIGN_ENTITLEMENTS = SugarPolice/SugarPolice.entitlements;
				CODE_SIGN_STYLE = Automatic;
				CURRENT_PROJECT_VERSION = 4;
				DEVELOPMENT_ASSET_PATHS = "\"SugarPolice/Preview Content\"";
				DEVELOPMENT_TEAM = 2PF4YUG536;
				ENABLE_HARDENED_RUNTIME = YES;
				ENABLE_PREVIEWS = YES;
				GENERATE_INFOPLIST_FILE = YES;
				INFOPLIST_FILE = SugarPolice/Info.plist;
				INFOPLIST_KEY_CFBundleDisplayName = "Infraction Siren";
				"INFOPLIST_KEY_UIApplicationSceneManifest_Generation[sdk=iphoneos*]" = YES;
				"INFOPLIST_KEY_UIApplicationSceneManifest_Generation[sdk=iphonesimulator*]" = YES;
				"INFOPLIST_KEY_UIApplicationSupportsIndirectInputEvents[sdk=iphoneos*]" = YES;
				"INFOPLIST_KEY_UIApplicationSupportsIndirectInputEvents[sdk=iphonesimulator*]" = YES;
				"INFOPLIST_KEY_UILaunchScreen_Generation[sdk=iphoneos*]" = YES;
				"INFOPLIST_KEY_UILaunchScreen_Generation[sdk=iphonesimulator*]" = YES;
				"INFOPLIST_KEY_UIStatusBarStyle[sdk=iphoneos*]" = UIStatusBarStyleDefault;
				"INFOPLIST_KEY_UIStatusBarStyle[sdk=iphonesimulator*]" = UIStatusBarStyleDefault;
				INFOPLIST_KEY_UISupportedInterfaceOrientations = "UIInterfaceOrientationLandscapeLeft UIInterfaceOrientationLandscapeRight";
				INFOPLIST_KEY_UISupportedInterfaceOrientations_iPad = "UIInterfaceOrientationLandscapeLeft UIInterfaceOrientationLandscapeRight UIInterfaceOrientationPortrait UIInterfaceOrientationPortraitUpsideDown";
				IPHONEOS_DEPLOYMENT_TARGET = 16.4;
				LD_RUNPATH_SEARCH_PATHS = "@executable_path/Frameworks";
				"LD_RUNPATH_SEARCH_PATHS[sdk=macosx*]" = "@executable_path/../Frameworks";
				MACOSX_DEPLOYMENT_TARGET = 13.3;
				MARKETING_VERSION = 1.0;
				PRODUCT_BUNDLE_IDENTIFIER = com.academy.SugarPolice;
				PRODUCT_NAME = "$(TARGET_NAME)";
				SDKROOT = auto;
				SUPPORTED_PLATFORMS = "iphoneos iphonesimulator macosx";
				SWIFT_EMIT_LOC_STRINGS = YES;
				SWIFT_VERSION = 5.0;
				TARGETED_DEVICE_FAMILY = "1,2";
			};
			name = Release;
		};
		5BF753502AA1036700FF7A53 /* Debug */ = {
			isa = XCBuildConfiguration;
			buildSettings = {
				ALWAYS_EMBED_SWIFT_STANDARD_LIBRARIES = YES;
				BUNDLE_LOADER = "$(TEST_HOST)";
				CODE_SIGN_STYLE = Automatic;
				CURRENT_PROJECT_VERSION = 1;
				DEVELOPMENT_TEAM = 2PF4YUG536;
				GENERATE_INFOPLIST_FILE = YES;
				IPHONEOS_DEPLOYMENT_TARGET = 16.4;
				MACOSX_DEPLOYMENT_TARGET = 13.3;
				MARKETING_VERSION = 1.0;
				PRODUCT_BUNDLE_IDENTIFIER = com.academy.SugarPoliceTests;
				PRODUCT_NAME = "$(TARGET_NAME)";
				SDKROOT = auto;
				SUPPORTED_PLATFORMS = "iphoneos iphonesimulator macosx";
				SWIFT_EMIT_LOC_STRINGS = NO;
				SWIFT_VERSION = 5.0;
				TARGETED_DEVICE_FAMILY = "1,2";
				TEST_HOST = "$(BUILT_PRODUCTS_DIR)/SugarPolice.app/$(BUNDLE_EXECUTABLE_FOLDER_PATH)/SugarPolice";
			};
			name = Debug;
		};
		5BF753512AA1036700FF7A53 /* Release */ = {
			isa = XCBuildConfiguration;
			buildSettings = {
				ALWAYS_EMBED_SWIFT_STANDARD_LIBRARIES = YES;
				BUNDLE_LOADER = "$(TEST_HOST)";
				CODE_SIGN_STYLE = Automatic;
				CURRENT_PROJECT_VERSION = 1;
				DEVELOPMENT_TEAM = 2PF4YUG536;
				GENERATE_INFOPLIST_FILE = YES;
				IPHONEOS_DEPLOYMENT_TARGET = 16.4;
				MACOSX_DEPLOYMENT_TARGET = 13.3;
				MARKETING_VERSION = 1.0;
				PRODUCT_BUNDLE_IDENTIFIER = com.academy.SugarPoliceTests;
				PRODUCT_NAME = "$(TARGET_NAME)";
				SDKROOT = auto;
				SUPPORTED_PLATFORMS = "iphoneos iphonesimulator macosx";
				SWIFT_EMIT_LOC_STRINGS = NO;
				SWIFT_VERSION = 5.0;
				TARGETED_DEVICE_FAMILY = "1,2";
				TEST_HOST = "$(BUILT_PRODUCTS_DIR)/SugarPolice.app/$(BUNDLE_EXECUTABLE_FOLDER_PATH)/SugarPolice";
			};
			name = Release;
		};
		5BF753532AA1036700FF7A53 /* Debug */ = {
			isa = XCBuildConfiguration;
			buildSettings = {
				ALWAYS_EMBED_SWIFT_STANDARD_LIBRARIES = YES;
				CODE_SIGN_STYLE = Automatic;
				CURRENT_PROJECT_VERSION = 1;
				DEVELOPMENT_TEAM = 2PF4YUG536;
				GENERATE_INFOPLIST_FILE = YES;
				IPHONEOS_DEPLOYMENT_TARGET = 16.4;
				MACOSX_DEPLOYMENT_TARGET = 13.3;
				MARKETING_VERSION = 1.0;
				PRODUCT_BUNDLE_IDENTIFIER = com.academy.SugarPoliceUITests;
				PRODUCT_NAME = "$(TARGET_NAME)";
				SDKROOT = auto;
				SUPPORTED_PLATFORMS = "iphoneos iphonesimulator macosx";
				SWIFT_EMIT_LOC_STRINGS = NO;
				SWIFT_VERSION = 5.0;
				TARGETED_DEVICE_FAMILY = "1,2";
				TEST_TARGET_NAME = SugarPolice;
			};
			name = Debug;
		};
		5BF753542AA1036700FF7A53 /* Release */ = {
			isa = XCBuildConfiguration;
			buildSettings = {
				ALWAYS_EMBED_SWIFT_STANDARD_LIBRARIES = YES;
				CODE_SIGN_STYLE = Automatic;
				CURRENT_PROJECT_VERSION = 1;
				DEVELOPMENT_TEAM = 2PF4YUG536;
				GENERATE_INFOPLIST_FILE = YES;
				IPHONEOS_DEPLOYMENT_TARGET = 16.4;
				MACOSX_DEPLOYMENT_TARGET = 13.3;
				MARKETING_VERSION = 1.0;
				PRODUCT_BUNDLE_IDENTIFIER = com.academy.SugarPoliceUITests;
				PRODUCT_NAME = "$(TARGET_NAME)";
				SDKROOT = auto;
				SUPPORTED_PLATFORMS = "iphoneos iphonesimulator macosx";
				SWIFT_EMIT_LOC_STRINGS = NO;
				SWIFT_VERSION = 5.0;
				TARGETED_DEVICE_FAMILY = "1,2";
				TEST_TARGET_NAME = SugarPolice;
			};
			name = Release;
		};
		5BF753742AA10BCB00FF7A53 /* Debug */ = {
			isa = XCBuildConfiguration;
			buildSettings = {
				ASSETCATALOG_COMPILER_GLOBAL_ACCENT_COLOR_NAME = AccentColor;
				ASSETCATALOG_COMPILER_WIDGET_BACKGROUND_COLOR_NAME = WidgetBackground;
				CODE_SIGN_STYLE = Automatic;
				CURRENT_PROJECT_VERSION = 1;
				DEVELOPMENT_TEAM = 2PF4YUG536;
				GENERATE_INFOPLIST_FILE = YES;
				INFOPLIST_FILE = SirenWIdget/Info.plist;
				INFOPLIST_KEY_CFBundleDisplayName = SirenWIdget;
				INFOPLIST_KEY_NSHumanReadableCopyright = "";
				IPHONEOS_DEPLOYMENT_TARGET = 16.4;
				LD_RUNPATH_SEARCH_PATHS = (
					"$(inherited)",
					"@executable_path/Frameworks",
					"@executable_path/../../Frameworks",
				);
				MARKETING_VERSION = 1.0;
				PRODUCT_BUNDLE_IDENTIFIER = com.academy.SugarPolice.SirenWIdget;
				PRODUCT_NAME = "$(TARGET_NAME)";
				SDKROOT = iphoneos;
				SKIP_INSTALL = YES;
				SWIFT_EMIT_LOC_STRINGS = YES;
				SWIFT_VERSION = 5.0;
				TARGETED_DEVICE_FAMILY = "1,2";
			};
			name = Debug;
		};
		5BF753752AA10BCB00FF7A53 /* Release */ = {
			isa = XCBuildConfiguration;
			buildSettings = {
				ASSETCATALOG_COMPILER_GLOBAL_ACCENT_COLOR_NAME = AccentColor;
				ASSETCATALOG_COMPILER_WIDGET_BACKGROUND_COLOR_NAME = WidgetBackground;
				CODE_SIGN_STYLE = Automatic;
				CURRENT_PROJECT_VERSION = 1;
				DEVELOPMENT_TEAM = 2PF4YUG536;
				GENERATE_INFOPLIST_FILE = YES;
				INFOPLIST_FILE = SirenWIdget/Info.plist;
				INFOPLIST_KEY_CFBundleDisplayName = SirenWIdget;
				INFOPLIST_KEY_NSHumanReadableCopyright = "";
				IPHONEOS_DEPLOYMENT_TARGET = 16.4;
				LD_RUNPATH_SEARCH_PATHS = (
					"$(inherited)",
					"@executable_path/Frameworks",
					"@executable_path/../../Frameworks",
				);
				MARKETING_VERSION = 1.0;
				PRODUCT_BUNDLE_IDENTIFIER = com.academy.SugarPolice.SirenWIdget;
				PRODUCT_NAME = "$(TARGET_NAME)";
				SDKROOT = iphoneos;
				SKIP_INSTALL = YES;
				SWIFT_EMIT_LOC_STRINGS = YES;
				SWIFT_VERSION = 5.0;
				TARGETED_DEVICE_FAMILY = "1,2";
				VALIDATE_PRODUCT = YES;
			};
			name = Release;
		};
/* End XCBuildConfiguration section */

/* Begin XCConfigurationList section */
		5B1BB6B02AA7ED86001C68A3 /* Build configuration list for PBXNativeTarget "SoundTheAlarmIntentUI" */ = {
			isa = XCConfigurationList;
			buildConfigurations = (
				5B1BB6B12AA7ED86001C68A3 /* Debug */,
				5B1BB6B22AA7ED86001C68A3 /* Release */,
			);
			defaultConfigurationIsVisible = 0;
			defaultConfigurationName = Release;
		};
		5B1BB6B32AA7ED86001C68A3 /* Build configuration list for PBXNativeTarget "SoundTheAlarmIntent" */ = {
			isa = XCConfigurationList;
			buildConfigurations = (
				5B1BB6B42AA7ED86001C68A3 /* Debug */,
				5B1BB6B52AA7ED86001C68A3 /* Release */,
			);
			defaultConfigurationIsVisible = 0;
			defaultConfigurationName = Release;
		};
		5BF753222AA1036600FF7A53 /* Build configuration list for PBXProject "SugarPolice" */ = {
			isa = XCConfigurationList;
			buildConfigurations = (
				5BF7534A2AA1036700FF7A53 /* Debug */,
				5BF7534B2AA1036700FF7A53 /* Release */,
			);
			defaultConfigurationIsVisible = 0;
			defaultConfigurationName = Release;
		};
		5BF7534C2AA1036700FF7A53 /* Build configuration list for PBXNativeTarget "SugarPolice" */ = {
			isa = XCConfigurationList;
			buildConfigurations = (
				5BF7534D2AA1036700FF7A53 /* Debug */,
				5BF7534E2AA1036700FF7A53 /* Release */,
			);
			defaultConfigurationIsVisible = 0;
			defaultConfigurationName = Release;
		};
		5BF7534F2AA1036700FF7A53 /* Build configuration list for PBXNativeTarget "SugarPoliceTests" */ = {
			isa = XCConfigurationList;
			buildConfigurations = (
				5BF753502AA1036700FF7A53 /* Debug */,
				5BF753512AA1036700FF7A53 /* Release */,
			);
			defaultConfigurationIsVisible = 0;
			defaultConfigurationName = Release;
		};
		5BF753522AA1036700FF7A53 /* Build configuration list for PBXNativeTarget "SugarPoliceUITests" */ = {
			isa = XCConfigurationList;
			buildConfigurations = (
				5BF753532AA1036700FF7A53 /* Debug */,
				5BF753542AA1036700FF7A53 /* Release */,
			);
			defaultConfigurationIsVisible = 0;
			defaultConfigurationName = Release;
		};
		5BF753732AA10BCB00FF7A53 /* Build configuration list for PBXNativeTarget "SirenWIdgetExtension" */ = {
			isa = XCConfigurationList;
			buildConfigurations = (
				5BF753742AA10BCB00FF7A53 /* Debug */,
				5BF753752AA10BCB00FF7A53 /* Release */,
			);
			defaultConfigurationIsVisible = 0;
			defaultConfigurationName = Release;
		};
/* End XCConfigurationList section */
	};
	rootObject = 5BF7531F2AA1036600FF7A53 /* Project object */;
}
