// !$*UTF8*$!
{
	archiveVersion = 1;
	classes = {
	};
	objectVersion = 56;
	objects = {

/* Begin PBXBuildFile section */
		5BF7532B2AA1036600FF7A53 /* SugarPoliceApp.swift in Sources */ = {isa = PBXBuildFile; fileRef = 5BF7532A2AA1036600FF7A53 /* SugarPoliceApp.swift */; };
		5BF7532D2AA1036600FF7A53 /* ContentView.swift in Sources */ = {isa = PBXBuildFile; fileRef = 5BF7532C2AA1036600FF7A53 /* ContentView.swift */; };
		5BF7532F2AA1036700FF7A53 /* Assets.xcassets in Resources */ = {isa = PBXBuildFile; fileRef = 5BF7532E2AA1036700FF7A53 /* Assets.xcassets */; };
		5BF753332AA1036700FF7A53 /* Preview Assets.xcassets in Resources */ = {isa = PBXBuildFile; fileRef = 5BF753322AA1036700FF7A53 /* Preview Assets.xcassets */; };
		5BF7533D2AA1036700FF7A53 /* SugarPoliceTests.swift in Sources */ = {isa = PBXBuildFile; fileRef = 5BF7533C2AA1036700FF7A53 /* SugarPoliceTests.swift */; };
		5BF753472AA1036700FF7A53 /* SugarPoliceUITests.swift in Sources */ = {isa = PBXBuildFile; fileRef = 5BF753462AA1036700FF7A53 /* SugarPoliceUITests.swift */; };
		5BF753492AA1036700FF7A53 /* SugarPoliceUITestsLaunchTests.swift in Sources */ = {isa = PBXBuildFile; fileRef = 5BF753482AA1036700FF7A53 /* SugarPoliceUITestsLaunchTests.swift */; };
/* End PBXBuildFile section */

/* Begin PBXContainerItemProxy section */
		5BF753392AA1036700FF7A53 /* PBXContainerItemProxy */ = {
			isa = PBXContainerItemProxy;
			containerPortal = 5BF7531F2AA1036600FF7A53 /* Project object */;
			proxyType = 1;
			remoteGlobalIDString = 5BF753262AA1036600FF7A53;
			remoteInfo = SugarPolice;
		};
		5BF753432AA1036700FF7A53 /* PBXContainerItemProxy */ = {
			isa = PBXContainerItemProxy;
			containerPortal = 5BF7531F2AA1036600FF7A53 /* Project object */;
			proxyType = 1;
			remoteGlobalIDString = 5BF753262AA1036600FF7A53;
			remoteInfo = SugarPolice;
		};
/* End PBXContainerItemProxy section */

/* Begin PBXFileReference section */
		5BF753272AA1036600FF7A53 /* SugarPolice.app */ = {isa = PBXFileReference; explicitFileType = wrapper.application; includeInIndex = 0; path = SugarPolice.app; sourceTree = BUILT_PRODUCTS_DIR; };
		5BF7532A2AA1036600FF7A53 /* SugarPoliceApp.swift */ = {isa = PBXFileReference; lastKnownFileType = sourcecode.swift; path = SugarPoliceApp.swift; sourceTree = "<group>"; };
		5BF7532C2AA1036600FF7A53 /* ContentView.swift */ = {isa = PBXFileReference; lastKnownFileType = sourcecode.swift; path = ContentView.swift; sourceTree = "<group>"; };
		5BF7532E2AA1036700FF7A53 /* Assets.xcassets */ = {isa = PBXFileReference; lastKnownFileType = folder.assetcatalog; path = Assets.xcassets; sourceTree = "<group>"; };
		5BF753302AA1036700FF7A53 /* SugarPolice.entitlements */ = {isa = PBXFileReference; lastKnownFileType = text.plist.entitlements; path = SugarPolice.entitlements; sourceTree = "<group>"; };
		5BF753322AA1036700FF7A53 /* Preview Assets.xcassets */ = {isa = PBXFileReference; lastKnownFileType = folder.assetcatalog; path = "Preview Assets.xcassets"; sourceTree = "<group>"; };
		5BF753382AA1036700FF7A53 /* SugarPoliceTests.xctest */ = {isa = PBXFileReference; explicitFileType = wrapper.cfbundle; includeInIndex = 0; path = SugarPoliceTests.xctest; sourceTree = BUILT_PRODUCTS_DIR; };
		5BF7533C2AA1036700FF7A53 /* SugarPoliceTests.swift */ = {isa = PBXFileReference; lastKnownFileType = sourcecode.swift; path = SugarPoliceTests.swift; sourceTree = "<group>"; };
		5BF753422AA1036700FF7A53 /* SugarPoliceUITests.xctest */ = {isa = PBXFileReference; explicitFileType = wrapper.cfbundle; includeInIndex = 0; path = SugarPoliceUITests.xctest; sourceTree = BUILT_PRODUCTS_DIR; };
		5BF753462AA1036700FF7A53 /* SugarPoliceUITests.swift */ = {isa = PBXFileReference; lastKnownFileType = sourcecode.swift; path = SugarPoliceUITests.swift; sourceTree = "<group>"; };
		5BF753482AA1036700FF7A53 /* SugarPoliceUITestsLaunchTests.swift */ = {isa = PBXFileReference; lastKnownFileType = sourcecode.swift; path = SugarPoliceUITestsLaunchTests.swift; sourceTree = "<group>"; };
/* End PBXFileReference section */

/* Begin PBXFrameworksBuildPhase section */
		5BF753242AA1036600FF7A53 /* Frameworks */ = {
			isa = PBXFrameworksBuildPhase;
			buildActionMask = 2147483647;
			files = (
			);
			runOnlyForDeploymentPostprocessing = 0;
		};
		5BF753352AA1036700FF7A53 /* Frameworks */ = {
			isa = PBXFrameworksBuildPhase;
			buildActionMask = 2147483647;
			files = (
			);
			runOnlyForDeploymentPostprocessing = 0;
		};
		5BF7533F2AA1036700FF7A53 /* Frameworks */ = {
			isa = PBXFrameworksBuildPhase;
			buildActionMask = 2147483647;
			files = (
			);
			runOnlyForDeploymentPostprocessing = 0;
		};
/* End PBXFrameworksBuildPhase section */

/* Begin PBXGroup section */
		5BF7531E2AA1036600FF7A53 = {
			isa = PBXGroup;
			children = (
				5BF753292AA1036600FF7A53 /* SugarPolice */,
				5BF7533B2AA1036700FF7A53 /* SugarPoliceTests */,
				5BF753452AA1036700FF7A53 /* SugarPoliceUITests */,
				5BF753282AA1036600FF7A53 /* Products */,
			);
			sourceTree = "<group>";
		};
		5BF753282AA1036600FF7A53 /* Products */ = {
			isa = PBXGroup;
			children = (
				5BF753272AA1036600FF7A53 /* SugarPolice.app */,
				5BF753382AA1036700FF7A53 /* SugarPoliceTests.xctest */,
				5BF753422AA1036700FF7A53 /* SugarPoliceUITests.xctest */,
			);
			name = Products;
			sourceTree = "<group>";
		};
		5BF753292AA1036600FF7A53 /* SugarPolice */ = {
			isa = PBXGroup;
			children = (
				5BF7532A2AA1036600FF7A53 /* SugarPoliceApp.swift */,
				5BF7532C2AA1036600FF7A53 /* ContentView.swift */,
				5BF7532E2AA1036700FF7A53 /* Assets.xcassets */,
				5BF753302AA1036700FF7A53 /* SugarPolice.entitlements */,
				5BF753312AA1036700FF7A53 /* Preview Content */,
			);
			path = SugarPolice;
			sourceTree = "<group>";
		};
		5BF753312AA1036700FF7A53 /* Preview Content */ = {
			isa = PBXGroup;
			children = (
				5BF753322AA1036700FF7A53 /* Preview Assets.xcassets */,
			);
			path = "Preview Content";
			sourceTree = "<group>";
		};
		5BF7533B2AA1036700FF7A53 /* SugarPoliceTests */ = {
			isa = PBXGroup;
			children = (
				5BF7533C2AA1036700FF7A53 /* SugarPoliceTests.swift */,
			);
			path = SugarPoliceTests;
			sourceTree = "<group>";
		};
		5BF753452AA1036700FF7A53 /* SugarPoliceUITests */ = {
			isa = PBXGroup;
			children = (
				5BF753462AA1036700FF7A53 /* SugarPoliceUITests.swift */,
				5BF753482AA1036700FF7A53 /* SugarPoliceUITestsLaunchTests.swift */,
			);
			path = SugarPoliceUITests;
			sourceTree = "<group>";
		};
/* End PBXGroup section */

/* Begin PBXNativeTarget section */
		5BF753262AA1036600FF7A53 /* SugarPolice */ = {
			isa = PBXNativeTarget;
			buildConfigurationList = 5BF7534C2AA1036700FF7A53 /* Build configuration list for PBXNativeTarget "SugarPolice" */;
			buildPhases = (
				5BF753232AA1036600FF7A53 /* Sources */,
				5BF753242AA1036600FF7A53 /* Frameworks */,
				5BF753252AA1036600FF7A53 /* Resources */,
			);
			buildRules = (
			);
			dependencies = (
			);
			name = SugarPolice;
			productName = SugarPolice;
			productReference = 5BF753272AA1036600FF7A53 /* SugarPolice.app */;
			productType = "com.apple.product-type.application";
		};
		5BF753372AA1036700FF7A53 /* SugarPoliceTests */ = {
			isa = PBXNativeTarget;
			buildConfigurationList = 5BF7534F2AA1036700FF7A53 /* Build configuration list for PBXNativeTarget "SugarPoliceTests" */;
			buildPhases = (
				5BF753342AA1036700FF7A53 /* Sources */,
				5BF753352AA1036700FF7A53 /* Frameworks */,
				5BF753362AA1036700FF7A53 /* Resources */,
			);
			buildRules = (
			);
			dependencies = (
				5BF7533A2AA1036700FF7A53 /* PBXTargetDependency */,
			);
			name = SugarPoliceTests;
			productName = SugarPoliceTests;
			productReference = 5BF753382AA1036700FF7A53 /* SugarPoliceTests.xctest */;
			productType = "com.apple.product-type.bundle.unit-test";
		};
		5BF753412AA1036700FF7A53 /* SugarPoliceUITests */ = {
			isa = PBXNativeTarget;
			buildConfigurationList = 5BF753522AA1036700FF7A53 /* Build configuration list for PBXNativeTarget "SugarPoliceUITests" */;
			buildPhases = (
				5BF7533E2AA1036700FF7A53 /* Sources */,
				5BF7533F2AA1036700FF7A53 /* Frameworks */,
				5BF753402AA1036700FF7A53 /* Resources */,
			);
			buildRules = (
			);
			dependencies = (
				5BF753442AA1036700FF7A53 /* PBXTargetDependency */,
			);
			name = SugarPoliceUITests;
			productName = SugarPoliceUITests;
			productReference = 5BF753422AA1036700FF7A53 /* SugarPoliceUITests.xctest */;
			productType = "com.apple.product-type.bundle.ui-testing";
		};
/* End PBXNativeTarget section */

/* Begin PBXProject section */
		5BF7531F2AA1036600FF7A53 /* Project object */ = {
			isa = PBXProject;
			attributes = {
				BuildIndependentTargetsInParallel = 1;
				LastSwiftUpdateCheck = 1430;
				LastUpgradeCheck = 1430;
				TargetAttributes = {
					5BF753262AA1036600FF7A53 = {
						CreatedOnToolsVersion = 14.3.1;
					};
					5BF753372AA1036700FF7A53 = {
						CreatedOnToolsVersion = 14.3.1;
						TestTargetID = 5BF753262AA1036600FF7A53;
					};
					5BF753412AA1036700FF7A53 = {
						CreatedOnToolsVersion = 14.3.1;
						TestTargetID = 5BF753262AA1036600FF7A53;
					};
				};
			};
			buildConfigurationList = 5BF753222AA1036600FF7A53 /* Build configuration list for PBXProject "SugarPolice" */;
			compatibilityVersion = "Xcode 14.0";
			developmentRegion = en;
			hasScannedForEncodings = 0;
			knownRegions = (
				en,
				Base,
			);
			mainGroup = 5BF7531E2AA1036600FF7A53;
			productRefGroup = 5BF753282AA1036600FF7A53 /* Products */;
			projectDirPath = "";
			projectRoot = "";
			targets = (
				5BF753262AA1036600FF7A53 /* SugarPolice */,
				5BF753372AA1036700FF7A53 /* SugarPoliceTests */,
				5BF753412AA1036700FF7A53 /* SugarPoliceUITests */,
			);
		};
/* End PBXProject section */

/* Begin PBXResourcesBuildPhase section */
		5BF753252AA1036600FF7A53 /* Resources */ = {
			isa = PBXResourcesBuildPhase;
			buildActionMask = 2147483647;
			files = (
				5BF753332AA1036700FF7A53 /* Preview Assets.xcassets in Resources */,
				5BF7532F2AA1036700FF7A53 /* Assets.xcassets in Resources */,
			);
			runOnlyForDeploymentPostprocessing = 0;
		};
		5BF753362AA1036700FF7A53 /* Resources */ = {
			isa = PBXResourcesBuildPhase;
			buildActionMask = 2147483647;
			files = (
			);
			runOnlyForDeploymentPostprocessing = 0;
		};
		5BF753402AA1036700FF7A53 /* Resources */ = {
			isa = PBXResourcesBuildPhase;
			buildActionMask = 2147483647;
			files = (
			);
			runOnlyForDeploymentPostprocessing = 0;
		};
/* End PBXResourcesBuildPhase section */

/* Begin PBXSourcesBuildPhase section */
		5BF753232AA1036600FF7A53 /* Sources */ = {
			isa = PBXSourcesBuildPhase;
			buildActionMask = 2147483647;
			files = (
				5BF7532D2AA1036600FF7A53 /* ContentView.swift in Sources */,
				5BF7532B2AA1036600FF7A53 /* SugarPoliceApp.swift in Sources */,
			);
			runOnlyForDeploymentPostprocessing = 0;
		};
		5BF753342AA1036700FF7A53 /* Sources */ = {
			isa = PBXSourcesBuildPhase;
			buildActionMask = 2147483647;
			files = (
				5BF7533D2AA1036700FF7A53 /* SugarPoliceTests.swift in Sources */,
			);
			runOnlyForDeploymentPostprocessing = 0;
		};
		5BF7533E2AA1036700FF7A53 /* Sources */ = {
			isa = PBXSourcesBuildPhase;
			buildActionMask = 2147483647;
			files = (
				5BF753472AA1036700FF7A53 /* SugarPoliceUITests.swift in Sources */,
				5BF753492AA1036700FF7A53 /* SugarPoliceUITestsLaunchTests.swift in Sources */,
			);
			runOnlyForDeploymentPostprocessing = 0;
		};
/* End PBXSourcesBuildPhase section */

/* Begin PBXTargetDependency section */
		5BF7533A2AA1036700FF7A53 /* PBXTargetDependency */ = {
			isa = PBXTargetDependency;
			target = 5BF753262AA1036600FF7A53 /* SugarPolice */;
			targetProxy = 5BF753392AA1036700FF7A53 /* PBXContainerItemProxy */;
		};
		5BF753442AA1036700FF7A53 /* PBXTargetDependency */ = {
			isa = PBXTargetDependency;
			target = 5BF753262AA1036600FF7A53 /* SugarPolice */;
			targetProxy = 5BF753432AA1036700FF7A53 /* PBXContainerItemProxy */;
		};
/* End PBXTargetDependency section */

/* Begin XCBuildConfiguration section */
		5BF7534A2AA1036700FF7A53 /* Debug */ = {
			isa = XCBuildConfiguration;
			buildSettings = {
				ALWAYS_SEARCH_USER_PATHS = NO;
				CLANG_ANALYZER_NONNULL = YES;
				CLANG_ANALYZER_NUMBER_OBJECT_CONVERSION = YES_AGGRESSIVE;
				CLANG_CXX_LANGUAGE_STANDARD = "gnu++20";
				CLANG_ENABLE_MODULES = YES;
				CLANG_ENABLE_OBJC_ARC = YES;
				CLANG_ENABLE_OBJC_WEAK = YES;
				CLANG_WARN_BLOCK_CAPTURE_AUTORELEASING = YES;
				CLANG_WARN_BOOL_CONVERSION = YES;
				CLANG_WARN_COMMA = YES;
				CLANG_WARN_CONSTANT_CONVERSION = YES;
				CLANG_WARN_DEPRECATED_OBJC_IMPLEMENTATIONS = YES;
				CLANG_WARN_DIRECT_OBJC_ISA_USAGE = YES_ERROR;
				CLANG_WARN_DOCUMENTATION_COMMENTS = YES;
				CLANG_WARN_EMPTY_BODY = YES;
				CLANG_WARN_ENUM_CONVERSION = YES;
				CLANG_WARN_INFINITE_RECURSION = YES;
				CLANG_WARN_INT_CONVERSION = YES;
				CLANG_WARN_NON_LITERAL_NULL_CONVERSION = YES;
				CLANG_WARN_OBJC_IMPLICIT_RETAIN_SELF = YES;
				CLANG_WARN_OBJC_LITERAL_CONVERSION = YES;
				CLANG_WARN_OBJC_ROOT_CLASS = YES_ERROR;
				CLANG_WARN_QUOTED_INCLUDE_IN_FRAMEWORK_HEADER = YES;
				CLANG_WARN_RANGE_LOOP_ANALYSIS = YES;
				CLANG_WARN_STRICT_PROTOTYPES = YES;
				CLANG_WARN_SUSPICIOUS_MOVE = YES;
				CLANG_WARN_UNGUARDED_AVAILABILITY = YES_AGGRESSIVE;
				CLANG_WARN_UNREACHABLE_CODE = YES;
				CLANG_WARN__DUPLICATE_METHOD_MATCH = YES;
				COPY_PHASE_STRIP = NO;
				DEBUG_INFORMATION_FORMAT = dwarf;
				ENABLE_STRICT_OBJC_MSGSEND = YES;
				ENABLE_TESTABILITY = YES;
				GCC_C_LANGUAGE_STANDARD = gnu11;
				GCC_DYNAMIC_NO_PIC = NO;
				GCC_NO_COMMON_BLOCKS = YES;
				GCC_OPTIMIZATION_LEVEL = 0;
				GCC_PREPROCESSOR_DEFINITIONS = (
					"DEBUG=1",
					"$(inherited)",
				);
				GCC_WARN_64_TO_32_BIT_CONVERSION = YES;
				GCC_WARN_ABOUT_RETURN_TYPE = YES_ERROR;
				GCC_WARN_UNDECLARED_SELECTOR = YES;
				GCC_WARN_UNINITIALIZED_AUTOS = YES_AGGRESSIVE;
				GCC_WARN_UNUSED_FUNCTION = YES;
				GCC_WARN_UNUSED_VARIABLE = YES;
				MTL_ENABLE_DEBUG_INFO = INCLUDE_SOURCE;
				MTL_FAST_MATH = YES;
				ONLY_ACTIVE_ARCH = YES;
				SWIFT_ACTIVE_COMPILATION_CONDITIONS = DEBUG;
				SWIFT_OPTIMIZATION_LEVEL = "-Onone";
			};
			name = Debug;
		};
		5BF7534B2AA1036700FF7A53 /* Release */ = {
			isa = XCBuildConfiguration;
			buildSettings = {
				ALWAYS_SEARCH_USER_PATHS = NO;
				CLANG_ANALYZER_NONNULL = YES;
				CLANG_ANALYZER_NUMBER_OBJECT_CONVERSION = YES_AGGRESSIVE;
				CLANG_CXX_LANGUAGE_STANDARD = "gnu++20";
				CLANG_ENABLE_MODULES = YES;
				CLANG_ENABLE_OBJC_ARC = YES;
				CLANG_ENABLE_OBJC_WEAK = YES;
				CLANG_WARN_BLOCK_CAPTURE_AUTORELEASING = YES;
				CLANG_WARN_BOOL_CONVERSION = YES;
				CLANG_WARN_COMMA = YES;
				CLANG_WARN_CONSTANT_CONVERSION = YES;
				CLANG_WARN_DEPRECATED_OBJC_IMPLEMENTATIONS = YES;
				CLANG_WARN_DIRECT_OBJC_ISA_USAGE = YES_ERROR;
				CLANG_WARN_DOCUMENTATION_COMMENTS = YES;
				CLANG_WARN_EMPTY_BODY = YES;
				CLANG_WARN_ENUM_CONVERSION = YES;
				CLANG_WARN_INFINITE_RECURSION = YES;
				CLANG_WARN_INT_CONVERSION = YES;
				CLANG_WARN_NON_LITERAL_NULL_CONVERSION = YES;
				CLANG_WARN_OBJC_IMPLICIT_RETAIN_SELF = YES;
				CLANG_WARN_OBJC_LITERAL_CONVERSION = YES;
				CLANG_WARN_OBJC_ROOT_CLASS = YES_ERROR;
				CLANG_WARN_QUOTED_INCLUDE_IN_FRAMEWORK_HEADER = YES;
				CLANG_WARN_RANGE_LOOP_ANALYSIS = YES;
				CLANG_WARN_STRICT_PROTOTYPES = YES;
				CLANG_WARN_SUSPICIOUS_MOVE = YES;
				CLANG_WARN_UNGUARDED_AVAILABILITY = YES_AGGRESSIVE;
				CLANG_WARN_UNREACHABLE_CODE = YES;
				CLANG_WARN__DUPLICATE_METHOD_MATCH = YES;
				COPY_PHASE_STRIP = NO;
				DEBUG_INFORMATION_FORMAT = "dwarf-with-dsym";
				ENABLE_NS_ASSERTIONS = NO;
				ENABLE_STRICT_OBJC_MSGSEND = YES;
				GCC_C_LANGUAGE_STANDARD = gnu11;
				GCC_NO_COMMON_BLOCKS = YES;
				GCC_WARN_64_TO_32_BIT_CONVERSION = YES;
				GCC_WARN_ABOUT_RETURN_TYPE = YES_ERROR;
				GCC_WARN_UNDECLARED_SELECTOR = YES;
				GCC_WARN_UNINITIALIZED_AUTOS = YES_AGGRESSIVE;
				GCC_WARN_UNUSED_FUNCTION = YES;
				GCC_WARN_UNUSED_VARIABLE = YES;
				MTL_ENABLE_DEBUG_INFO = NO;
				MTL_FAST_MATH = YES;
				SWIFT_COMPILATION_MODE = wholemodule;
				SWIFT_OPTIMIZATION_LEVEL = "-O";
			};
			name = Release;
		};
		5BF7534D2AA1036700FF7A53 /* Debug */ = {
			isa = XCBuildConfiguration;
			buildSettings = {
				ASSETCATALOG_COMPILER_APPICON_NAME = AppIcon;
				ASSETCATALOG_COMPILER_GLOBAL_ACCENT_COLOR_NAME = AccentColor;
				CODE_SIGN_ENTITLEMENTS = SugarPolice/SugarPolice.entitlements;
				CODE_SIGN_STYLE = Automatic;
				CURRENT_PROJECT_VERSION = 1;
				DEVELOPMENT_ASSET_PATHS = "\"SugarPolice/Preview Content\"";
				DEVELOPMENT_TEAM = 2PF4YUG536;
				ENABLE_HARDENED_RUNTIME = YES;
				ENABLE_PREVIEWS = YES;
				GENERATE_INFOPLIST_FILE = YES;
				"INFOPLIST_KEY_UIApplicationSceneManifest_Generation[sdk=iphoneos*]" = YES;
				"INFOPLIST_KEY_UIApplicationSceneManifest_Generation[sdk=iphonesimulator*]" = YES;
				"INFOPLIST_KEY_UIApplicationSupportsIndirectInputEvents[sdk=iphoneos*]" = YES;
				"INFOPLIST_KEY_UIApplicationSupportsIndirectInputEvents[sdk=iphonesimulator*]" = YES;
				"INFOPLIST_KEY_UILaunchScreen_Generation[sdk=iphoneos*]" = YES;
				"INFOPLIST_KEY_UILaunchScreen_Generation[sdk=iphonesimulator*]" = YES;
				"INFOPLIST_KEY_UIStatusBarStyle[sdk=iphoneos*]" = UIStatusBarStyleDefault;
				"INFOPLIST_KEY_UIStatusBarStyle[sdk=iphonesimulator*]" = UIStatusBarStyleDefault;
				INFOPLIST_KEY_UISupportedInterfaceOrientations_iPad = "UIInterfaceOrientationPortrait UIInterfaceOrientationPortraitUpsideDown UIInterfaceOrientationLandscapeLeft UIInterfaceOrientationLandscapeRight";
				INFOPLIST_KEY_UISupportedInterfaceOrientations_iPhone = "UIInterfaceOrientationPortrait UIInterfaceOrientationLandscapeLeft UIInterfaceOrientationLandscapeRight";
				IPHONEOS_DEPLOYMENT_TARGET = 16.4;
				LD_RUNPATH_SEARCH_PATHS = "@executable_path/Frameworks";
				"LD_RUNPATH_SEARCH_PATHS[sdk=macosx*]" = "@executable_path/../Frameworks";
				MACOSX_DEPLOYMENT_TARGET = 13.3;
				MARKETING_VERSION = 1.0;
				PRODUCT_BUNDLE_IDENTIFIER = com.academy.SugarPolice;
				PRODUCT_NAME = "$(TARGET_NAME)";
				SDKROOT = auto;
				SUPPORTED_PLATFORMS = "iphoneos iphonesimulator macosx";
				SWIFT_EMIT_LOC_STRINGS = YES;
				SWIFT_VERSION = 5.0;
				TARGETED_DEVICE_FAMILY = "1,2";
			};
			name = Debug;
		};
		5BF7534E2AA1036700FF7A53 /* Release */ = {
			isa = XCBuildConfiguration;
			buildSettings = {
				ASSETCATALOG_COMPILER_APPICON_NAME = AppIcon;
				ASSETCATALOG_COMPILER_GLOBAL_ACCENT_COLOR_NAME = AccentColor;
				CODE_SIGN_ENTITLEMENTS = SugarPolice/SugarPolice.entitlements;
				CODE_SIGN_STYLE = Automatic;
				CURRENT_PROJECT_VERSION = 1;
				DEVELOPMENT_ASSET_PATHS = "\"SugarPolice/Preview Content\"";
				DEVELOPMENT_TEAM = 2PF4YUG536;
				ENABLE_HARDENED_RUNTIME = YES;
				ENABLE_PREVIEWS = YES;
				GENERATE_INFOPLIST_FILE = YES;
				"INFOPLIST_KEY_UIApplicationSceneManifest_Generation[sdk=iphoneos*]" = YES;
				"INFOPLIST_KEY_UIApplicationSceneManifest_Generation[sdk=iphonesimulator*]" = YES;
				"INFOPLIST_KEY_UIApplicationSupportsIndirectInputEvents[sdk=iphoneos*]" = YES;
				"INFOPLIST_KEY_UIApplicationSupportsIndirectInputEvents[sdk=iphonesimulator*]" = YES;
				"INFOPLIST_KEY_UILaunchScreen_Generation[sdk=iphoneos*]" = YES;
				"INFOPLIST_KEY_UILaunchScreen_Generation[sdk=iphonesimulator*]" = YES;
				"INFOPLIST_KEY_UIStatusBarStyle[sdk=iphoneos*]" = UIStatusBarStyleDefault;
				"INFOPLIST_KEY_UIStatusBarStyle[sdk=iphonesimulator*]" = UIStatusBarStyleDefault;
				INFOPLIST_KEY_UISupportedInterfaceOrientations_iPad = "UIInterfaceOrientationPortrait UIInterfaceOrientationPortraitUpsideDown UIInterfaceOrientationLandscapeLeft UIInterfaceOrientationLandscapeRight";
				INFOPLIST_KEY_UISupportedInterfaceOrientations_iPhone = "UIInterfaceOrientationPortrait UIInterfaceOrientationLandscapeLeft UIInterfaceOrientationLandscapeRight";
				IPHONEOS_DEPLOYMENT_TARGET = 16.4;
				LD_RUNPATH_SEARCH_PATHS = "@executable_path/Frameworks";
				"LD_RUNPATH_SEARCH_PATHS[sdk=macosx*]" = "@executable_path/../Frameworks";
				MACOSX_DEPLOYMENT_TARGET = 13.3;
				MARKETING_VERSION = 1.0;
				PRODUCT_BUNDLE_IDENTIFIER = com.academy.SugarPolice;
				PRODUCT_NAME = "$(TARGET_NAME)";
				SDKROOT = auto;
				SUPPORTED_PLATFORMS = "iphoneos iphonesimulator macosx";
				SWIFT_EMIT_LOC_STRINGS = YES;
				SWIFT_VERSION = 5.0;
				TARGETED_DEVICE_FAMILY = "1,2";
			};
			name = Release;
		};
		5BF753502AA1036700FF7A53 /* Debug */ = {
			isa = XCBuildConfiguration;
			buildSettings = {
				ALWAYS_EMBED_SWIFT_STANDARD_LIBRARIES = YES;
				BUNDLE_LOADER = "$(TEST_HOST)";
				CODE_SIGN_STYLE = Automatic;
				CURRENT_PROJECT_VERSION = 1;
				DEVELOPMENT_TEAM = 2PF4YUG536;
				GENERATE_INFOPLIST_FILE = YES;
				IPHONEOS_DEPLOYMENT_TARGET = 16.4;
				MACOSX_DEPLOYMENT_TARGET = 13.3;
				MARKETING_VERSION = 1.0;
				PRODUCT_BUNDLE_IDENTIFIER = com.academy.SugarPoliceTests;
				PRODUCT_NAME = "$(TARGET_NAME)";
				SDKROOT = auto;
				SUPPORTED_PLATFORMS = "iphoneos iphonesimulator macosx";
				SWIFT_EMIT_LOC_STRINGS = NO;
				SWIFT_VERSION = 5.0;
				TARGETED_DEVICE_FAMILY = "1,2";
				TEST_HOST = "$(BUILT_PRODUCTS_DIR)/SugarPolice.app/$(BUNDLE_EXECUTABLE_FOLDER_PATH)/SugarPolice";
			};
			name = Debug;
		};
		5BF753512AA1036700FF7A53 /* Release */ = {
			isa = XCBuildConfiguration;
			buildSettings = {
				ALWAYS_EMBED_SWIFT_STANDARD_LIBRARIES = YES;
				BUNDLE_LOADER = "$(TEST_HOST)";
				CODE_SIGN_STYLE = Automatic;
				CURRENT_PROJECT_VERSION = 1;
				DEVELOPMENT_TEAM = 2PF4YUG536;
				GENERATE_INFOPLIST_FILE = YES;
				IPHONEOS_DEPLOYMENT_TARGET = 16.4;
				MACOSX_DEPLOYMENT_TARGET = 13.3;
				MARKETING_VERSION = 1.0;
				PRODUCT_BUNDLE_IDENTIFIER = com.academy.SugarPoliceTests;
				PRODUCT_NAME = "$(TARGET_NAME)";
				SDKROOT = auto;
				SUPPORTED_PLATFORMS = "iphoneos iphonesimulator macosx";
				SWIFT_EMIT_LOC_STRINGS = NO;
				SWIFT_VERSION = 5.0;
				TARGETED_DEVICE_FAMILY = "1,2";
				TEST_HOST = "$(BUILT_PRODUCTS_DIR)/SugarPolice.app/$(BUNDLE_EXECUTABLE_FOLDER_PATH)/SugarPolice";
			};
			name = Release;
		};
		5BF753532AA1036700FF7A53 /* Debug */ = {
			isa = XCBuildConfiguration;
			buildSettings = {
				ALWAYS_EMBED_SWIFT_STANDARD_LIBRARIES = YES;
				CODE_SIGN_STYLE = Automatic;
				CURRENT_PROJECT_VERSION = 1;
				DEVELOPMENT_TEAM = 2PF4YUG536;
				GENERATE_INFOPLIST_FILE = YES;
				IPHONEOS_DEPLOYMENT_TARGET = 16.4;
				MACOSX_DEPLOYMENT_TARGET = 13.3;
				MARKETING_VERSION = 1.0;
				PRODUCT_BUNDLE_IDENTIFIER = com.academy.SugarPoliceUITests;
				PRODUCT_NAME = "$(TARGET_NAME)";
				SDKROOT = auto;
				SUPPORTED_PLATFORMS = "iphoneos iphonesimulator macosx";
				SWIFT_EMIT_LOC_STRINGS = NO;
				SWIFT_VERSION = 5.0;
				TARGETED_DEVICE_FAMILY = "1,2";
				TEST_TARGET_NAME = SugarPolice;
			};
			name = Debug;
		};
		5BF753542AA1036700FF7A53 /* Release */ = {
			isa = XCBuildConfiguration;
			buildSettings = {
				ALWAYS_EMBED_SWIFT_STANDARD_LIBRARIES = YES;
				CODE_SIGN_STYLE = Automatic;
				CURRENT_PROJECT_VERSION = 1;
				DEVELOPMENT_TEAM = 2PF4YUG536;
				GENERATE_INFOPLIST_FILE = YES;
				IPHONEOS_DEPLOYMENT_TARGET = 16.4;
				MACOSX_DEPLOYMENT_TARGET = 13.3;
				MARKETING_VERSION = 1.0;
				PRODUCT_BUNDLE_IDENTIFIER = com.academy.SugarPoliceUITests;
				PRODUCT_NAME = "$(TARGET_NAME)";
				SDKROOT = auto;
				SUPPORTED_PLATFORMS = "iphoneos iphonesimulator macosx";
				SWIFT_EMIT_LOC_STRINGS = NO;
				SWIFT_VERSION = 5.0;
				TARGETED_DEVICE_FAMILY = "1,2";
				TEST_TARGET_NAME = SugarPolice;
			};
			name = Release;
		};
/* End XCBuildConfiguration section */

/* Begin XCConfigurationList section */
		5BF753222AA1036600FF7A53 /* Build configuration list for PBXProject "SugarPolice" */ = {
			isa = XCConfigurationList;
			buildConfigurations = (
				5BF7534A2AA1036700FF7A53 /* Debug */,
				5BF7534B2AA1036700FF7A53 /* Release */,
			);
			defaultConfigurationIsVisible = 0;
			defaultConfigurationName = Release;
		};
		5BF7534C2AA1036700FF7A53 /* Build configuration list for PBXNativeTarget "SugarPolice" */ = {
			isa = XCConfigurationList;
			buildConfigurations = (
				5BF7534D2AA1036700FF7A53 /* Debug */,
				5BF7534E2AA1036700FF7A53 /* Release */,
			);
			defaultConfigurationIsVisible = 0;
			defaultConfigurationName = Release;
		};
		5BF7534F2AA1036700FF7A53 /* Build configuration list for PBXNativeTarget "SugarPoliceTests" */ = {
			isa = XCConfigurationList;
			buildConfigurations = (
				5BF753502AA1036700FF7A53 /* Debug */,
				5BF753512AA1036700FF7A53 /* Release */,
			);
			defaultConfigurationIsVisible = 0;
			defaultConfigurationName = Release;
		};
		5BF753522AA1036700FF7A53 /* Build configuration list for PBXNativeTarget "SugarPoliceUITests" */ = {
			isa = XCConfigurationList;
			buildConfigurations = (
				5BF753532AA1036700FF7A53 /* Debug */,
				5BF753542AA1036700FF7A53 /* Release */,
			);
			defaultConfigurationIsVisible = 0;
			defaultConfigurationName = Release;
		};
/* End XCConfigurationList section */
	};
	rootObject = 5BF7531F2AA1036600FF7A53 /* Project object */;
}
